Microsoft Visual Studio Solution File, Format Version 12.00
# Visual Studio Version 16
# Licensed to the Apache Software Foundation (ASF) under one
# or more contributor license agreements.  See the NOTICE file
# distributed with this work for additional information
# regarding copyright ownership.  The ASF licenses this file
# to you under the Apache License, Version 2.0 (the
# "License"); you may not use this file except in compliance
# with the License.  You may obtain a copy of the License at
# 
#   http://www.apache.org/licenses/LICENSE-2.0
# 
# Unless required by applicable law or agreed to in writing,
# software distributed under the License is distributed on an
# "AS IS" BASIS, WITHOUT WARRANTIES OR CONDITIONS OF ANY
# KIND, either express or implied.  See the License for the
# specific language governing permissions and limitations
# under the License.
VisualStudioVersion = 16.0.29806.167
MinimumVisualStudioVersion = 15.0.26730.8
Project("{2150E333-8FDC-42A3-9474-1A3956D46DE8}") = "azure-templates", "azure-templates", "{05CE3A39-40D4-452D-AFE0-E57E536A08C6}"
	ProjectSection(SolutionItems) = preProject
		.build\azure-templates\install-dotnet-sdk.yml = .build\azure-templates\install-dotnet-sdk.yml
		.build\azure-templates\publish-nuget-packages.yml = .build\azure-templates\publish-nuget-packages.yml
		.build\azure-templates\publish-test-binaries.yml = .build\azure-templates\publish-test-binaries.yml
		.build\azure-templates\publish-test-results-for-test-projects.yml = .build\azure-templates\publish-test-results-for-test-projects.yml
		.build\azure-templates\publish-test-results.yml = .build\azure-templates\publish-test-results.yml
		.build\azure-templates\run-tests-on-os.yml = .build\azure-templates\run-tests-on-os.yml
		.build\azure-templates\show-all-environment-variables.yml = .build\azure-templates\show-all-environment-variables.yml
		.build\azure-templates\show-all-files.yml = .build\azure-templates\show-all-files.yml
	EndProjectSection
EndProject
Project("{2150E333-8FDC-42A3-9474-1A3956D46DE8}") = "dotnet", "dotnet", "{8CA61D33-3590-4024-A304-7B1F75B50653}"
	ProjectSection(SolutionItems) = preProject
		src\dotnet\Directory.Build.props = src\dotnet\Directory.Build.props
	EndProjectSection
EndProject
Project("{2150E333-8FDC-42A3-9474-1A3956D46DE8}") = ".build", ".build", "{4016BDAB-6C33-4D1E-9439-57B416EA45D5}"
	ProjectSection(SolutionItems) = preProject
		azure-pipelines.yml = azure-pipelines.yml
		build = build
		build.bat = build.bat
		build.ps1 = build.ps1
		.build\runbuild.ps1 = .build\runbuild.ps1
		.build\dependencies.props = .build\dependencies.props
		.build\nuget.props = .build\nuget.props
		.build\release.targets = .build\release.targets
		.build\TestReferences.Common.targets = .build\TestReferences.Common.targets
		TestTargetFramework.props = TestTargetFramework.props
	EndProjectSection
EndProject
Project("{2150E333-8FDC-42A3-9474-1A3956D46DE8}") = "psake", "psake", "{4BFE738F-3D99-4408-85D4-E882737F9CEC}"
	ProjectSection(SolutionItems) = preProject
		.build\psake\psake = .build\psake\psake
		.build\psake\psake-config.ps1 = .build\psake\psake-config.ps1
		.build\psake\psake.cmd = .build\psake\psake.cmd
		.build\psake\psake.ps1 = .build\psake\psake.ps1
		.build\psake\psake.psd1 = .build\psake\psake.psd1
		.build\psake\psake.psm1 = .build\psake\psake.psm1
		.build\psake\readme.md = .build\psake\readme.md
	EndProjectSection
EndProject
Project("{2150E333-8FDC-42A3-9474-1A3956D46DE8}") = "public", "public", "{DB6B3C48-B1B1-4977-9FB0-333ED71E84E1}"
	ProjectSection(SolutionItems) = preProject
		.build\psake\public\Assert.ps1 = .build\psake\public\Assert.ps1
		.build\psake\public\BuildSetup.ps1 = .build\psake\public\BuildSetup.ps1
		.build\psake\public\BuildTearDown.ps1 = .build\psake\public\BuildTearDown.ps1
		.build\psake\public\Exec.ps1 = .build\psake\public\Exec.ps1
		.build\psake\public\FormatTaskName.ps1 = .build\psake\public\FormatTaskName.ps1
		.build\psake\public\Framework.ps1 = .build\psake\public\Framework.ps1
		.build\psake\public\Get-PSakeScriptTasks.ps1 = .build\psake\public\Get-PSakeScriptTasks.ps1
		.build\psake\public\Include.ps1 = .build\psake\public\Include.ps1
		.build\psake\public\Invoke-psake.ps1 = .build\psake\public\Invoke-psake.ps1
		.build\psake\public\Invoke-Task.ps1 = .build\psake\public\Invoke-Task.ps1
		.build\psake\public\Properties.ps1 = .build\psake\public\Properties.ps1
		.build\psake\public\Task.ps1 = .build\psake\public\Task.ps1
		.build\psake\public\TaskSetup.ps1 = .build\psake\public\TaskSetup.ps1
		.build\psake\public\TaskTearDown.ps1 = .build\psake\public\TaskTearDown.ps1
	EndProjectSection
EndProject
Project("{2150E333-8FDC-42A3-9474-1A3956D46DE8}") = "private", "private", "{BC910C84-EF7C-4F69-AA76-47C0EC06D809}"
	ProjectSection(SolutionItems) = preProject
		.build\psake\private\CleanupEnvironment.ps1 = .build\psake\private\CleanupEnvironment.ps1
		.build\psake\private\ConfigureBuildEnvironment.ps1 = .build\psake\private\ConfigureBuildEnvironment.ps1
		.build\psake\private\CreateConfigurationForNewContext.ps1 = .build\psake\private\CreateConfigurationForNewContext.ps1
		.build\psake\private\ExecuteInBuildFileScope.ps1 = .build\psake\private\ExecuteInBuildFileScope.ps1
		.build\psake\private\FormatErrorMessage.ps1 = .build\psake\private\FormatErrorMessage.ps1
		.build\psake\private\Get-DefaultBuildFile.ps1 = .build\psake\private\Get-DefaultBuildFile.ps1
		.build\psake\private\GetCurrentConfigurationOrDefault.ps1 = .build\psake\private\GetCurrentConfigurationOrDefault.ps1
		.build\psake\private\GetTasksFromContext.ps1 = .build\psake\private\GetTasksFromContext.ps1
		.build\psake\private\LoadConfiguration.ps1 = .build\psake\private\LoadConfiguration.ps1
		.build\psake\private\LoadModules.ps1 = .build\psake\private\LoadModules.ps1
		.build\psake\private\ResolveError.ps1 = .build\psake\private\ResolveError.ps1
		.build\psake\private\SelectObjectWithDefault.ps1 = .build\psake\private\SelectObjectWithDefault.ps1
		.build\psake\private\Test-ModuleVersion.ps1 = .build\psake\private\Test-ModuleVersion.ps1
		.build\psake\private\WriteColoredOutput.ps1 = .build\psake\private\WriteColoredOutput.ps1
		.build\psake\private\WriteDocumentation.ps1 = .build\psake\private\WriteDocumentation.ps1
		.build\psake\private\WriteTaskTimeSummary.ps1 = .build\psake\private\WriteTaskTimeSummary.ps1
	EndProjectSection
EndProject
Project("{2150E333-8FDC-42A3-9474-1A3956D46DE8}") = "tools", "tools", "{4DF7EACE-2B25-43F6-B558-8520BF20BD76}"
	ProjectSection(SolutionItems) = preProject
		src\dotnet\tools\Directory.Build.props = src\dotnet\tools\Directory.Build.props
	EndProjectSection
EndProject
Project("{2150E333-8FDC-42A3-9474-1A3956D46DE8}") = "Solution Items", "Solution Items", "{4DF0A2A1-B9C7-4EE5-BAF0-BEEF53E34220}"
	ProjectSection(SolutionItems) = preProject
		.asf.yaml = .asf.yaml
		.editorconfig = .editorconfig
		.rat-excludes = .rat-excludes
		CHANGES.txt = CHANGES.txt
		CONTRIBUTING.md = CONTRIBUTING.md
		Directory.Build.props = Directory.Build.props
		Directory.Build.targets = Directory.Build.targets
		LICENSE.txt = LICENSE.txt
		NOTICE.txt = NOTICE.txt
		NuGet.config = NuGet.config
		README.md = README.md
	EndProjectSection
EndProject
Project("{9A19103F-16F7-4668-BE54-9A1E7A4F7556}") = "Lucene.Net", "src\Lucene.Net\Lucene.Net.csproj", "{3A0AA37E-2B7B-4416-B528-DA4E0E6A6706}"
EndProject
Project("{9A19103F-16F7-4668-BE54-9A1E7A4F7556}") = "Lucene.Net.Analysis.Common", "src\Lucene.Net.Analysis.Common\Lucene.Net.Analysis.Common.csproj", "{3D0366A8-515D-44F0-835F-4118853CFA14}"
EndProject
Project("{9A19103F-16F7-4668-BE54-9A1E7A4F7556}") = "Lucene.Net.Analysis.Kuromoji", "src\Lucene.Net.Analysis.Kuromoji\Lucene.Net.Analysis.Kuromoji.csproj", "{2DFBA3AD-BB7D-41A1-9478-F3E1FD1FE886}"
EndProject
Project("{9A19103F-16F7-4668-BE54-9A1E7A4F7556}") = "Lucene.Net.Analysis.Phonetic", "src\Lucene.Net.Analysis.Phonetic\Lucene.Net.Analysis.Phonetic.csproj", "{60DA2959-109E-4E3C-AC5E-51C291311302}"
EndProject
Project("{9A19103F-16F7-4668-BE54-9A1E7A4F7556}") = "Lucene.Net.Analysis.SmartCn", "src\Lucene.Net.Analysis.SmartCn\Lucene.Net.Analysis.SmartCn.csproj", "{CE1F86F0-ECDD-4218-BF55-4E1738C562F6}"
EndProject
Project("{9A19103F-16F7-4668-BE54-9A1E7A4F7556}") = "Lucene.Net.Analysis.Stempel", "src\Lucene.Net.Analysis.Stempel\Lucene.Net.Analysis.Stempel.csproj", "{F8293D73-AB75-4603-BBF6-3F3D093E934E}"
EndProject
Project("{9A19103F-16F7-4668-BE54-9A1E7A4F7556}") = "Lucene.Net.Benchmark", "src\Lucene.Net.Benchmark\Lucene.Net.Benchmark.csproj", "{B6E957F3-0042-4CA6-A92B-7F14CCD9BF32}"
EndProject
Project("{9A19103F-16F7-4668-BE54-9A1E7A4F7556}") = "Lucene.Net.Classification", "src\Lucene.Net.Classification\Lucene.Net.Classification.csproj", "{63EC0EDA-81E9-4AEB-A09A-F956A9001743}"
EndProject
Project("{9A19103F-16F7-4668-BE54-9A1E7A4F7556}") = "Lucene.Net.Codecs", "src\Lucene.Net.Codecs\Lucene.Net.Codecs.csproj", "{8D6952F1-5BC9-4389-A20A-E7BAE40D5597}"
EndProject
Project("{9A19103F-16F7-4668-BE54-9A1E7A4F7556}") = "Lucene.Net.Demo", "src\Lucene.Net.Demo\Lucene.Net.Demo.csproj", "{7BB449AA-EB89-404F-B5BC-586197C06B5B}"
EndProject
Project("{9A19103F-16F7-4668-BE54-9A1E7A4F7556}") = "Lucene.Net.Expressions", "src\Lucene.Net.Expressions\Lucene.Net.Expressions.csproj", "{EA889582-4ABA-4AFA-A125-D7A37B353B10}"
EndProject
Project("{9A19103F-16F7-4668-BE54-9A1E7A4F7556}") = "Lucene.Net.Facet", "src\Lucene.Net.Facet\Lucene.Net.Facet.csproj", "{BFBAB6D5-AE96-4364-A996-D31B0C55D4A6}"
EndProject
Project("{9A19103F-16F7-4668-BE54-9A1E7A4F7556}") = "Lucene.Net.Grouping", "src\Lucene.Net.Grouping\Lucene.Net.Grouping.csproj", "{FF862392-B2AF-422D-865E-768E969A9412}"
EndProject
Project("{9A19103F-16F7-4668-BE54-9A1E7A4F7556}") = "Lucene.Net.Highlighter", "src\Lucene.Net.Highlighter\Lucene.Net.Highlighter.csproj", "{AAE8E7DE-F98E-40FE-87F0-F1A97FB72E71}"
EndProject
Project("{9A19103F-16F7-4668-BE54-9A1E7A4F7556}") = "Lucene.Net.Join", "src\Lucene.Net.Join\Lucene.Net.Join.csproj", "{31562276-B6A8-4A9E-8324-31A2D1CB04AD}"
EndProject
Project("{9A19103F-16F7-4668-BE54-9A1E7A4F7556}") = "Lucene.Net.Memory", "src\Lucene.Net.Memory\Lucene.Net.Memory.csproj", "{0E948685-B4BD-4143-B70D-85FE11E6E406}"
EndProject
Project("{9A19103F-16F7-4668-BE54-9A1E7A4F7556}") = "Lucene.Net.Misc", "src\Lucene.Net.Misc\Lucene.Net.Misc.csproj", "{56B95CA9-CD38-433E-B0AC-0504EC61A479}"
EndProject
Project("{9A19103F-16F7-4668-BE54-9A1E7A4F7556}") = "Lucene.Net.Queries", "src\Lucene.Net.Queries\Lucene.Net.Queries.csproj", "{B91B0E5E-AF3A-4373-934E-91AEE02C5FA1}"
EndProject
Project("{9A19103F-16F7-4668-BE54-9A1E7A4F7556}") = "Lucene.Net.QueryParser", "src\Lucene.Net.QueryParser\Lucene.Net.QueryParser.csproj", "{01CD8DE8-274F-476F-8419-7B3F018C749D}"
EndProject
Project("{9A19103F-16F7-4668-BE54-9A1E7A4F7556}") = "Lucene.Net.Sandbox", "src\Lucene.Net.Sandbox\Lucene.Net.Sandbox.csproj", "{46D088A4-5F56-4462-9E84-B482E2E1516F}"
EndProject
Project("{9A19103F-16F7-4668-BE54-9A1E7A4F7556}") = "Lucene.Net.Spatial", "src\Lucene.Net.Spatial\Lucene.Net.Spatial.csproj", "{62FFF347-AE79-447A-B77F-F3C33F957342}"
EndProject
Project("{9A19103F-16F7-4668-BE54-9A1E7A4F7556}") = "Lucene.Net.Suggest", "src\Lucene.Net.Suggest\Lucene.Net.Suggest.csproj", "{ED5520B3-79D6-46DF-AF02-3BA1E89A4B13}"
EndProject
Project("{9A19103F-16F7-4668-BE54-9A1E7A4F7556}") = "Lucene.Net.Tests.Analysis.Common", "src\Lucene.Net.Tests.Analysis.Common\Lucene.Net.Tests.Analysis.Common.csproj", "{258BB6A8-A23A-42CE-A3C2-2B577CEC3F5A}"
EndProject
Project("{9A19103F-16F7-4668-BE54-9A1E7A4F7556}") = "Lucene.Net.Tests.Analysis.Kuromoji", "src\Lucene.Net.Tests.Analysis.Kuromoji\Lucene.Net.Tests.Analysis.Kuromoji.csproj", "{8DA818F6-1E5E-4DCF-B152-A0E0A817A42C}"
EndProject
Project("{9A19103F-16F7-4668-BE54-9A1E7A4F7556}") = "Lucene.Net.Tests.Analysis.Phonetic", "src\Lucene.Net.Tests.Analysis.Phonetic\Lucene.Net.Tests.Analysis.Phonetic.csproj", "{B586E20A-C956-447C-898F-9394BDDDE203}"
EndProject
Project("{9A19103F-16F7-4668-BE54-9A1E7A4F7556}") = "Lucene.Net.Tests.Analysis.SmartCn", "src\Lucene.Net.Tests.Analysis.SmartCn\Lucene.Net.Tests.Analysis.SmartCn.csproj", "{824ADF18-5051-4530-88CA-4B39278B136E}"
EndProject
Project("{9A19103F-16F7-4668-BE54-9A1E7A4F7556}") = "Lucene.Net.Tests.Analysis.Stempel", "src\Lucene.Net.Tests.Analysis.Stempel\Lucene.Net.Tests.Analysis.Stempel.csproj", "{19ED3375-A167-4CB0-8EFA-1C7B071BE10F}"
EndProject
Project("{9A19103F-16F7-4668-BE54-9A1E7A4F7556}") = "Lucene.Net.Tests.Benchmark", "src\Lucene.Net.Tests.Benchmark\Lucene.Net.Tests.Benchmark.csproj", "{2001B0FC-28D1-44C7-928E-A07DDFF78B9F}"
EndProject
Project("{9A19103F-16F7-4668-BE54-9A1E7A4F7556}") = "Lucene.Net.Tests.Classification", "src\Lucene.Net.Tests.Classification\Lucene.Net.Tests.Classification.csproj", "{C5E413A1-79CD-4454-8283-E36AF64F316E}"
EndProject
Project("{9A19103F-16F7-4668-BE54-9A1E7A4F7556}") = "Lucene.Net.Tests.Codecs", "src\Lucene.Net.Tests.Codecs\Lucene.Net.Tests.Codecs.csproj", "{8D40FDA3-B26D-48F1-BCF2-176F71C95A18}"
EndProject
Project("{9A19103F-16F7-4668-BE54-9A1E7A4F7556}") = "Lucene.Net.Tests.Demo", "src\Lucene.Net.Tests.Demo\Lucene.Net.Tests.Demo.csproj", "{9E94C13A-1557-4FEA-832B-6796923E5D8C}"
EndProject
Project("{9A19103F-16F7-4668-BE54-9A1E7A4F7556}") = "Lucene.Net.Tests.Expressions", "src\Lucene.Net.Tests.Expressions\Lucene.Net.Tests.Expressions.csproj", "{6E25E694-B3A5-478A-B906-92FCE65F6D79}"
EndProject
Project("{9A19103F-16F7-4668-BE54-9A1E7A4F7556}") = "Lucene.Net.Tests.Facet", "src\Lucene.Net.Tests.Facet\Lucene.Net.Tests.Facet.csproj", "{CFBBF43D-730F-4361-BDC3-F7F4D1724B2A}"
EndProject
Project("{9A19103F-16F7-4668-BE54-9A1E7A4F7556}") = "Lucene.Net.Tests.Grouping", "src\Lucene.Net.Tests.Grouping\Lucene.Net.Tests.Grouping.csproj", "{E28BC63B-27B4-4010-A554-96BEC5E025B5}"
EndProject
Project("{9A19103F-16F7-4668-BE54-9A1E7A4F7556}") = "Lucene.Net.Tests.Highlighter", "src\Lucene.Net.Tests.Highlighter\Lucene.Net.Tests.Highlighter.csproj", "{AE5D4D03-81CF-473B-8977-5B7905D317FF}"
EndProject
Project("{9A19103F-16F7-4668-BE54-9A1E7A4F7556}") = "Lucene.Net.Tests.Join", "src\Lucene.Net.Tests.Join\Lucene.Net.Tests.Join.csproj", "{58714AB1-C300-4B00-8DE6-081A2F610517}"
EndProject
Project("{9A19103F-16F7-4668-BE54-9A1E7A4F7556}") = "Lucene.Net.Tests.Memory", "src\Lucene.Net.Tests.Memory\Lucene.Net.Tests.Memory.csproj", "{3BE7B6EA-8DBC-45E2-947C-1CA7E63B5603}"
EndProject
Project("{9A19103F-16F7-4668-BE54-9A1E7A4F7556}") = "Lucene.Net.Tests.Misc", "src\Lucene.Net.Tests.Misc\Lucene.Net.Tests.Misc.csproj", "{F8DDC5B7-A621-4B67-AB4B-BBE083C05BB8}"
EndProject
Project("{9A19103F-16F7-4668-BE54-9A1E7A4F7556}") = "Lucene.Net.Tests.Queries", "src\Lucene.Net.Tests.Queries\Lucene.Net.Tests.Queries.csproj", "{AC750DC0-05A3-4F96-8CC5-CFC8FD01D4CF}"
EndProject
Project("{9A19103F-16F7-4668-BE54-9A1E7A4F7556}") = "Lucene.Net.Tests.QueryParser", "src\Lucene.Net.Tests.QueryParser\Lucene.Net.Tests.QueryParser.csproj", "{05E0A438-4329-45D4-B63D-C3E0710CFB8E}"
EndProject
Project("{9A19103F-16F7-4668-BE54-9A1E7A4F7556}") = "Lucene.Net.Tests.Sandbox", "src\Lucene.Net.Tests.Sandbox\Lucene.Net.Tests.Sandbox.csproj", "{B4641989-BB63-4B72-B8CF-751D96D39098}"
EndProject
Project("{9A19103F-16F7-4668-BE54-9A1E7A4F7556}") = "Lucene.Net.Tests.Spatial", "src\Lucene.Net.Tests.Spatial\Lucene.Net.Tests.Spatial.csproj", "{8CE981D1-E0D0-4A91-A004-325C6607A6E2}"
EndProject
Project("{9A19103F-16F7-4668-BE54-9A1E7A4F7556}") = "Lucene.Net.Tests.Suggest", "src\Lucene.Net.Tests.Suggest\Lucene.Net.Tests.Suggest.csproj", "{FC05947E-B57D-4458-B937-8AC19E6C85EC}"
EndProject
Project("{9A19103F-16F7-4668-BE54-9A1E7A4F7556}") = "Lucene.Net.Replicator", "src\Lucene.Net.Replicator\Lucene.Net.Replicator.csproj", "{41C809F8-85B0-47A1-B3B6-9735DD518846}"
EndProject
Project("{9A19103F-16F7-4668-BE54-9A1E7A4F7556}") = "Lucene.Net.Tests.Replicator", "src\Lucene.Net.Tests.Replicator\Lucene.Net.Tests.Replicator.csproj", "{10D76AFD-AFE9-4C45-8452-E489FC6362B8}"
EndProject
Project("{9A19103F-16F7-4668-BE54-9A1E7A4F7556}") = "Lucene.Net.Replicator.AspNetCore", "src\dotnet\Lucene.Net.Replicator.AspNetCore\Lucene.Net.Replicator.AspNetCore.csproj", "{EFB2E31A-5917-49D5-A808-FE5061A550B4}"
EndProject
Project("{9A19103F-16F7-4668-BE54-9A1E7A4F7556}") = "lucene-cli", "src\dotnet\tools\lucene-cli\lucene-cli.csproj", "{119BBACD-D4DB-4E3B-922F-3DA83E0B29E2}"
EndProject
Project("{9A19103F-16F7-4668-BE54-9A1E7A4F7556}") = "Lucene.Net.ICU", "src\dotnet\Lucene.Net.ICU\Lucene.Net.ICU.csproj", "{CF3A74CA-FEFD-4F41-961B-CC8CF8D96286}"
EndProject
Project("{9A19103F-16F7-4668-BE54-9A1E7A4F7556}") = "Lucene.Net.Tests.ICU", "src\dotnet\Lucene.Net.Tests.ICU\Lucene.Net.Tests.ICU.csproj", "{4B054831-5275-44E2-A4D4-CA0B19BEE19A}"
EndProject
Project("{9A19103F-16F7-4668-BE54-9A1E7A4F7556}") = "Lucene.Net.Tests.Cli", "src\dotnet\tools\Lucene.Net.Tests.Cli\Lucene.Net.Tests.Cli.csproj", "{1F5574FE-19F7-4F10-9B88-76A938621F5B}"
EndProject
Project("{9A19103F-16F7-4668-BE54-9A1E7A4F7556}") = "Lucene.Net.Tests._A-D", "src\Lucene.Net.Tests._A-D\Lucene.Net.Tests._A-D.csproj", "{86FADACC-57EC-4AA3-8BBE-C6ED526EE596}"
EndProject
Project("{9A19103F-16F7-4668-BE54-9A1E7A4F7556}") = "Lucene.Net.Tests._E-I", "src\Lucene.Net.Tests._E-I\Lucene.Net.Tests._E-I.csproj", "{8251BB22-EDA9-4850-A9B7-259C5B171040}"
EndProject
Project("{9A19103F-16F7-4668-BE54-9A1E7A4F7556}") = "Lucene.Net.Tests._I-J", "src\Lucene.Net.Tests._I-J\Lucene.Net.Tests._I-J.csproj", "{1FD12FC1-BE00-4EA3-8377-2043A6D6E6E6}"
EndProject
Project("{9A19103F-16F7-4668-BE54-9A1E7A4F7556}") = "Lucene.Net.Tests._J-S", "src\Lucene.Net.Tests._J-S\Lucene.Net.Tests._J-S.csproj", "{5BE1EBA7-876C-4E9D-A78C-46A0D6F588C9}"
EndProject
Project("{9A19103F-16F7-4668-BE54-9A1E7A4F7556}") = "Lucene.Net.Tests._T-Z", "src\Lucene.Net.Tests._T-Z\Lucene.Net.Tests._T-Z.csproj", "{2C6C2EDE-C4B6-45D3-8E86-CDAE0A629FD6}"
EndProject
Project("{9A19103F-16F7-4668-BE54-9A1E7A4F7556}") = "Lucene.Net.TestFramework", "src\Lucene.Net.TestFramework\Lucene.Net.TestFramework.csproj", "{845F8491-348C-4242-A58A-1979E8338B5D}"
EndProject
Project("{9A19103F-16F7-4668-BE54-9A1E7A4F7556}") = "Lucene.Net.Tests.TestFramework", "src\Lucene.Net.Tests.TestFramework\Lucene.Net.Tests.TestFramework.csproj", "{3A761C02-C3B2-4672-92F9-B700C68E7EFA}"
EndProject
Project("{9A19103F-16F7-4668-BE54-9A1E7A4F7556}") = "Lucene.Net.Tests.TestFramework.DependencyInjection", "src\Lucene.Net.Tests.TestFramework.DependencyInjection\Lucene.Net.Tests.TestFramework.DependencyInjection.csproj", "{6360B673-1E0E-4249-8F84-F24B281F8FD7}"
EndProject
Project("{9A19103F-16F7-4668-BE54-9A1E7A4F7556}") = "Lucene.Net.Analysis.OpenNLP", "src\Lucene.Net.Analysis.OpenNLP\Lucene.Net.Analysis.OpenNLP.csproj", "{CC2CE069-5BBB-429E-8510-7C3FBA8069D5}"
EndProject
Project("{9A19103F-16F7-4668-BE54-9A1E7A4F7556}") = "Lucene.Net.Tests.Analysis.OpenNLP", "src\Lucene.Net.Tests.Analysis.OpenNLP\Lucene.Net.Tests.Analysis.OpenNLP.csproj", "{88D6D124-711D-4232-AD70-F22AB6AF9EA1}"
EndProject
Project("{9A19103F-16F7-4668-BE54-9A1E7A4F7556}") = "Lucene.Net.Analysis.Morfologik", "src\Lucene.Net.Analysis.Morfologik\Lucene.Net.Analysis.Morfologik.csproj", "{17C7E54C-7A95-46A5-9905-90F68D349F3F}"
EndProject
Project("{9A19103F-16F7-4668-BE54-9A1E7A4F7556}") = "Lucene.Net.Tests.Analysis.Morfologik", "src\Lucene.Net.Tests.Analysis.Morfologik\Lucene.Net.Tests.Analysis.Morfologik.csproj", "{435F91AD-8BA4-4376-904C-385A165C1AF0}"
EndProject
Project("{9A19103F-16F7-4668-BE54-9A1E7A4F7556}") = "Lucene.Net.Tests.CodeAnalysis", "src\dotnet\Lucene.Net.Tests.CodeAnalysis\Lucene.Net.Tests.CodeAnalysis.csproj", "{158F5D30-8B96-4C49-9009-0B8ACEDF8546}"
EndProject
Project("{9A19103F-16F7-4668-BE54-9A1E7A4F7556}") = "Lucene.Net.CodeAnalysis.CSharp", "src\dotnet\Lucene.Net.CodeAnalysis.CSharp\Lucene.Net.CodeAnalysis.CSharp.csproj", "{441876AF-F691-408C-85EC-6A934E60F627}"
EndProject
Project("{9A19103F-16F7-4668-BE54-9A1E7A4F7556}") = "Lucene.Net.CodeAnalysis.VisualBasic", "src\dotnet\Lucene.Net.CodeAnalysis.VisualBasic\Lucene.Net.CodeAnalysis.VisualBasic.csproj", "{5CD4D4E8-6132-4384-98FC-6AB1C97E0B80}"
EndProject
Project("{2150E333-8FDC-42A3-9474-1A3956D46DE8}") = "Lucene.Net.CodeAnalysis", "Lucene.Net.CodeAnalysis", "{E5E8C5DC-7048-4818-B884-FB2D037D2EF2}"
	ProjectSection(SolutionItems) = preProject
		src\dotnet\Lucene.Net.CodeAnalysis\Version.props = src\dotnet\Lucene.Net.CodeAnalysis\Version.props
	EndProjectSection
EndProject
Project("{2150E333-8FDC-42A3-9474-1A3956D46DE8}") = "tools", "tools", "{4D0ED7D9-ABEE-4890-B06C-477E3A32B9A0}"
	ProjectSection(SolutionItems) = preProject
		src\dotnet\Lucene.Net.CodeAnalysis\tools\install.ps1 = src\dotnet\Lucene.Net.CodeAnalysis\tools\install.ps1
		src\dotnet\Lucene.Net.CodeAnalysis\tools\uninstall.ps1 = src\dotnet\Lucene.Net.CodeAnalysis\tools\uninstall.ps1
	EndProjectSection
EndProject
Project("{9A19103F-16F7-4668-BE54-9A1E7A4F7556}") = "Lucene.Net.Tests.AllProjects", "src\Lucene.Net.Tests.AllProjects\Lucene.Net.Tests.AllProjects.csproj", "{9880B87D-8D14-476B-B093-9C3AA0DA8B24}"
EndProject
Project("{E24C65DC-7377-472B-9ABA-BC803B73C61A}") = "websites", "websites\", "{8988CDA4-8420-4BEE-869A-66825055EED2}"
	ProjectSection(WebsiteProperties) = preProject
		TargetFrameworkMoniker = ".NETFramework,Version%3Dv4.6.2"
		Debug.AspNetCompiler.VirtualPath = "/localhost_59352"
		Debug.AspNetCompiler.PhysicalPath = "websites\"
		Debug.AspNetCompiler.TargetPath = "PrecompiledWeb\localhost_59352\"
		Debug.AspNetCompiler.Updateable = "true"
		Debug.AspNetCompiler.ForceOverwrite = "true"
		Debug.AspNetCompiler.FixedNames = "false"
		Debug.AspNetCompiler.Debug = "True"
		Release.AspNetCompiler.VirtualPath = "/localhost_59352"
		Release.AspNetCompiler.PhysicalPath = "websites\"
		Release.AspNetCompiler.TargetPath = "PrecompiledWeb\localhost_59352\"
		Release.AspNetCompiler.Updateable = "true"
		Release.AspNetCompiler.ForceOverwrite = "true"
		Release.AspNetCompiler.FixedNames = "false"
		Release.AspNetCompiler.Debug = "False"
		VWDPort = "59352"
		SlnRelativePath = "websites\"
	EndProjectSection
EndProject
Global
	GlobalSection(SolutionConfigurationPlatforms) = preSolution
		Debug|Any CPU = Debug|Any CPU
		Release|Any CPU = Release|Any CPU
	EndGlobalSection
	GlobalSection(ProjectConfigurationPlatforms) = postSolution
		{3A0AA37E-2B7B-4416-B528-DA4E0E6A6706}.Debug|Any CPU.ActiveCfg = Debug|Any CPU
		{3A0AA37E-2B7B-4416-B528-DA4E0E6A6706}.Debug|Any CPU.Build.0 = Debug|Any CPU
		{3A0AA37E-2B7B-4416-B528-DA4E0E6A6706}.Release|Any CPU.ActiveCfg = Release|Any CPU
		{3A0AA37E-2B7B-4416-B528-DA4E0E6A6706}.Release|Any CPU.Build.0 = Release|Any CPU
		{3D0366A8-515D-44F0-835F-4118853CFA14}.Debug|Any CPU.ActiveCfg = Debug|Any CPU
		{3D0366A8-515D-44F0-835F-4118853CFA14}.Debug|Any CPU.Build.0 = Debug|Any CPU
		{3D0366A8-515D-44F0-835F-4118853CFA14}.Release|Any CPU.ActiveCfg = Release|Any CPU
		{3D0366A8-515D-44F0-835F-4118853CFA14}.Release|Any CPU.Build.0 = Release|Any CPU
		{2DFBA3AD-BB7D-41A1-9478-F3E1FD1FE886}.Debug|Any CPU.ActiveCfg = Debug|Any CPU
		{2DFBA3AD-BB7D-41A1-9478-F3E1FD1FE886}.Debug|Any CPU.Build.0 = Debug|Any CPU
		{2DFBA3AD-BB7D-41A1-9478-F3E1FD1FE886}.Release|Any CPU.ActiveCfg = Release|Any CPU
		{2DFBA3AD-BB7D-41A1-9478-F3E1FD1FE886}.Release|Any CPU.Build.0 = Release|Any CPU
		{60DA2959-109E-4E3C-AC5E-51C291311302}.Debug|Any CPU.ActiveCfg = Debug|Any CPU
		{60DA2959-109E-4E3C-AC5E-51C291311302}.Debug|Any CPU.Build.0 = Debug|Any CPU
		{60DA2959-109E-4E3C-AC5E-51C291311302}.Release|Any CPU.ActiveCfg = Release|Any CPU
		{60DA2959-109E-4E3C-AC5E-51C291311302}.Release|Any CPU.Build.0 = Release|Any CPU
		{CE1F86F0-ECDD-4218-BF55-4E1738C562F6}.Debug|Any CPU.ActiveCfg = Debug|Any CPU
		{CE1F86F0-ECDD-4218-BF55-4E1738C562F6}.Debug|Any CPU.Build.0 = Debug|Any CPU
		{CE1F86F0-ECDD-4218-BF55-4E1738C562F6}.Release|Any CPU.ActiveCfg = Release|Any CPU
		{CE1F86F0-ECDD-4218-BF55-4E1738C562F6}.Release|Any CPU.Build.0 = Release|Any CPU
		{F8293D73-AB75-4603-BBF6-3F3D093E934E}.Debug|Any CPU.ActiveCfg = Debug|Any CPU
		{F8293D73-AB75-4603-BBF6-3F3D093E934E}.Debug|Any CPU.Build.0 = Debug|Any CPU
		{F8293D73-AB75-4603-BBF6-3F3D093E934E}.Release|Any CPU.ActiveCfg = Release|Any CPU
		{F8293D73-AB75-4603-BBF6-3F3D093E934E}.Release|Any CPU.Build.0 = Release|Any CPU
		{B6E957F3-0042-4CA6-A92B-7F14CCD9BF32}.Debug|Any CPU.ActiveCfg = Debug|Any CPU
		{B6E957F3-0042-4CA6-A92B-7F14CCD9BF32}.Debug|Any CPU.Build.0 = Debug|Any CPU
		{B6E957F3-0042-4CA6-A92B-7F14CCD9BF32}.Release|Any CPU.ActiveCfg = Release|Any CPU
		{B6E957F3-0042-4CA6-A92B-7F14CCD9BF32}.Release|Any CPU.Build.0 = Release|Any CPU
		{63EC0EDA-81E9-4AEB-A09A-F956A9001743}.Debug|Any CPU.ActiveCfg = Debug|Any CPU
		{63EC0EDA-81E9-4AEB-A09A-F956A9001743}.Debug|Any CPU.Build.0 = Debug|Any CPU
		{63EC0EDA-81E9-4AEB-A09A-F956A9001743}.Release|Any CPU.ActiveCfg = Release|Any CPU
		{63EC0EDA-81E9-4AEB-A09A-F956A9001743}.Release|Any CPU.Build.0 = Release|Any CPU
		{8D6952F1-5BC9-4389-A20A-E7BAE40D5597}.Debug|Any CPU.ActiveCfg = Debug|Any CPU
		{8D6952F1-5BC9-4389-A20A-E7BAE40D5597}.Debug|Any CPU.Build.0 = Debug|Any CPU
		{8D6952F1-5BC9-4389-A20A-E7BAE40D5597}.Release|Any CPU.ActiveCfg = Release|Any CPU
		{8D6952F1-5BC9-4389-A20A-E7BAE40D5597}.Release|Any CPU.Build.0 = Release|Any CPU
		{7BB449AA-EB89-404F-B5BC-586197C06B5B}.Debug|Any CPU.ActiveCfg = Debug|Any CPU
		{7BB449AA-EB89-404F-B5BC-586197C06B5B}.Debug|Any CPU.Build.0 = Debug|Any CPU
		{7BB449AA-EB89-404F-B5BC-586197C06B5B}.Release|Any CPU.ActiveCfg = Release|Any CPU
		{7BB449AA-EB89-404F-B5BC-586197C06B5B}.Release|Any CPU.Build.0 = Release|Any CPU
		{EA889582-4ABA-4AFA-A125-D7A37B353B10}.Debug|Any CPU.ActiveCfg = Debug|Any CPU
		{EA889582-4ABA-4AFA-A125-D7A37B353B10}.Debug|Any CPU.Build.0 = Debug|Any CPU
		{EA889582-4ABA-4AFA-A125-D7A37B353B10}.Release|Any CPU.ActiveCfg = Release|Any CPU
		{EA889582-4ABA-4AFA-A125-D7A37B353B10}.Release|Any CPU.Build.0 = Release|Any CPU
		{BFBAB6D5-AE96-4364-A996-D31B0C55D4A6}.Debug|Any CPU.ActiveCfg = Debug|Any CPU
		{BFBAB6D5-AE96-4364-A996-D31B0C55D4A6}.Debug|Any CPU.Build.0 = Debug|Any CPU
		{BFBAB6D5-AE96-4364-A996-D31B0C55D4A6}.Release|Any CPU.ActiveCfg = Release|Any CPU
		{BFBAB6D5-AE96-4364-A996-D31B0C55D4A6}.Release|Any CPU.Build.0 = Release|Any CPU
		{FF862392-B2AF-422D-865E-768E969A9412}.Debug|Any CPU.ActiveCfg = Debug|Any CPU
		{FF862392-B2AF-422D-865E-768E969A9412}.Debug|Any CPU.Build.0 = Debug|Any CPU
		{FF862392-B2AF-422D-865E-768E969A9412}.Release|Any CPU.ActiveCfg = Release|Any CPU
		{FF862392-B2AF-422D-865E-768E969A9412}.Release|Any CPU.Build.0 = Release|Any CPU
		{AAE8E7DE-F98E-40FE-87F0-F1A97FB72E71}.Debug|Any CPU.ActiveCfg = Debug|Any CPU
		{AAE8E7DE-F98E-40FE-87F0-F1A97FB72E71}.Debug|Any CPU.Build.0 = Debug|Any CPU
		{AAE8E7DE-F98E-40FE-87F0-F1A97FB72E71}.Release|Any CPU.ActiveCfg = Release|Any CPU
		{AAE8E7DE-F98E-40FE-87F0-F1A97FB72E71}.Release|Any CPU.Build.0 = Release|Any CPU
		{31562276-B6A8-4A9E-8324-31A2D1CB04AD}.Debug|Any CPU.ActiveCfg = Debug|Any CPU
		{31562276-B6A8-4A9E-8324-31A2D1CB04AD}.Debug|Any CPU.Build.0 = Debug|Any CPU
		{31562276-B6A8-4A9E-8324-31A2D1CB04AD}.Release|Any CPU.ActiveCfg = Release|Any CPU
		{31562276-B6A8-4A9E-8324-31A2D1CB04AD}.Release|Any CPU.Build.0 = Release|Any CPU
		{0E948685-B4BD-4143-B70D-85FE11E6E406}.Debug|Any CPU.ActiveCfg = Debug|Any CPU
		{0E948685-B4BD-4143-B70D-85FE11E6E406}.Debug|Any CPU.Build.0 = Debug|Any CPU
		{0E948685-B4BD-4143-B70D-85FE11E6E406}.Release|Any CPU.ActiveCfg = Release|Any CPU
		{0E948685-B4BD-4143-B70D-85FE11E6E406}.Release|Any CPU.Build.0 = Release|Any CPU
		{56B95CA9-CD38-433E-B0AC-0504EC61A479}.Debug|Any CPU.ActiveCfg = Debug|Any CPU
		{56B95CA9-CD38-433E-B0AC-0504EC61A479}.Debug|Any CPU.Build.0 = Debug|Any CPU
		{56B95CA9-CD38-433E-B0AC-0504EC61A479}.Release|Any CPU.ActiveCfg = Release|Any CPU
		{56B95CA9-CD38-433E-B0AC-0504EC61A479}.Release|Any CPU.Build.0 = Release|Any CPU
		{B91B0E5E-AF3A-4373-934E-91AEE02C5FA1}.Debug|Any CPU.ActiveCfg = Debug|Any CPU
		{B91B0E5E-AF3A-4373-934E-91AEE02C5FA1}.Debug|Any CPU.Build.0 = Debug|Any CPU
		{B91B0E5E-AF3A-4373-934E-91AEE02C5FA1}.Release|Any CPU.ActiveCfg = Release|Any CPU
		{B91B0E5E-AF3A-4373-934E-91AEE02C5FA1}.Release|Any CPU.Build.0 = Release|Any CPU
		{01CD8DE8-274F-476F-8419-7B3F018C749D}.Debug|Any CPU.ActiveCfg = Debug|Any CPU
		{01CD8DE8-274F-476F-8419-7B3F018C749D}.Debug|Any CPU.Build.0 = Debug|Any CPU
		{01CD8DE8-274F-476F-8419-7B3F018C749D}.Release|Any CPU.ActiveCfg = Release|Any CPU
		{01CD8DE8-274F-476F-8419-7B3F018C749D}.Release|Any CPU.Build.0 = Release|Any CPU
		{46D088A4-5F56-4462-9E84-B482E2E1516F}.Debug|Any CPU.ActiveCfg = Debug|Any CPU
		{46D088A4-5F56-4462-9E84-B482E2E1516F}.Debug|Any CPU.Build.0 = Debug|Any CPU
		{46D088A4-5F56-4462-9E84-B482E2E1516F}.Release|Any CPU.ActiveCfg = Release|Any CPU
		{46D088A4-5F56-4462-9E84-B482E2E1516F}.Release|Any CPU.Build.0 = Release|Any CPU
		{62FFF347-AE79-447A-B77F-F3C33F957342}.Debug|Any CPU.ActiveCfg = Debug|Any CPU
		{62FFF347-AE79-447A-B77F-F3C33F957342}.Debug|Any CPU.Build.0 = Debug|Any CPU
		{62FFF347-AE79-447A-B77F-F3C33F957342}.Release|Any CPU.ActiveCfg = Release|Any CPU
		{62FFF347-AE79-447A-B77F-F3C33F957342}.Release|Any CPU.Build.0 = Release|Any CPU
		{ED5520B3-79D6-46DF-AF02-3BA1E89A4B13}.Debug|Any CPU.ActiveCfg = Debug|Any CPU
		{ED5520B3-79D6-46DF-AF02-3BA1E89A4B13}.Debug|Any CPU.Build.0 = Debug|Any CPU
		{ED5520B3-79D6-46DF-AF02-3BA1E89A4B13}.Release|Any CPU.ActiveCfg = Release|Any CPU
		{ED5520B3-79D6-46DF-AF02-3BA1E89A4B13}.Release|Any CPU.Build.0 = Release|Any CPU
		{258BB6A8-A23A-42CE-A3C2-2B577CEC3F5A}.Debug|Any CPU.ActiveCfg = Debug|Any CPU
		{258BB6A8-A23A-42CE-A3C2-2B577CEC3F5A}.Debug|Any CPU.Build.0 = Debug|Any CPU
		{258BB6A8-A23A-42CE-A3C2-2B577CEC3F5A}.Release|Any CPU.ActiveCfg = Release|Any CPU
		{258BB6A8-A23A-42CE-A3C2-2B577CEC3F5A}.Release|Any CPU.Build.0 = Release|Any CPU
		{8DA818F6-1E5E-4DCF-B152-A0E0A817A42C}.Debug|Any CPU.ActiveCfg = Debug|Any CPU
		{8DA818F6-1E5E-4DCF-B152-A0E0A817A42C}.Debug|Any CPU.Build.0 = Debug|Any CPU
		{8DA818F6-1E5E-4DCF-B152-A0E0A817A42C}.Release|Any CPU.ActiveCfg = Release|Any CPU
		{8DA818F6-1E5E-4DCF-B152-A0E0A817A42C}.Release|Any CPU.Build.0 = Release|Any CPU
		{B586E20A-C956-447C-898F-9394BDDDE203}.Debug|Any CPU.ActiveCfg = Debug|Any CPU
		{B586E20A-C956-447C-898F-9394BDDDE203}.Debug|Any CPU.Build.0 = Debug|Any CPU
		{B586E20A-C956-447C-898F-9394BDDDE203}.Release|Any CPU.ActiveCfg = Release|Any CPU
		{B586E20A-C956-447C-898F-9394BDDDE203}.Release|Any CPU.Build.0 = Release|Any CPU
		{824ADF18-5051-4530-88CA-4B39278B136E}.Debug|Any CPU.ActiveCfg = Debug|Any CPU
		{824ADF18-5051-4530-88CA-4B39278B136E}.Debug|Any CPU.Build.0 = Debug|Any CPU
		{824ADF18-5051-4530-88CA-4B39278B136E}.Release|Any CPU.ActiveCfg = Release|Any CPU
		{824ADF18-5051-4530-88CA-4B39278B136E}.Release|Any CPU.Build.0 = Release|Any CPU
		{19ED3375-A167-4CB0-8EFA-1C7B071BE10F}.Debug|Any CPU.ActiveCfg = Debug|Any CPU
		{19ED3375-A167-4CB0-8EFA-1C7B071BE10F}.Debug|Any CPU.Build.0 = Debug|Any CPU
		{19ED3375-A167-4CB0-8EFA-1C7B071BE10F}.Release|Any CPU.ActiveCfg = Release|Any CPU
		{19ED3375-A167-4CB0-8EFA-1C7B071BE10F}.Release|Any CPU.Build.0 = Release|Any CPU
		{2001B0FC-28D1-44C7-928E-A07DDFF78B9F}.Debug|Any CPU.ActiveCfg = Debug|Any CPU
		{2001B0FC-28D1-44C7-928E-A07DDFF78B9F}.Debug|Any CPU.Build.0 = Debug|Any CPU
		{2001B0FC-28D1-44C7-928E-A07DDFF78B9F}.Release|Any CPU.ActiveCfg = Release|Any CPU
		{2001B0FC-28D1-44C7-928E-A07DDFF78B9F}.Release|Any CPU.Build.0 = Release|Any CPU
		{C5E413A1-79CD-4454-8283-E36AF64F316E}.Debug|Any CPU.ActiveCfg = Debug|Any CPU
		{C5E413A1-79CD-4454-8283-E36AF64F316E}.Debug|Any CPU.Build.0 = Debug|Any CPU
		{C5E413A1-79CD-4454-8283-E36AF64F316E}.Release|Any CPU.ActiveCfg = Release|Any CPU
		{C5E413A1-79CD-4454-8283-E36AF64F316E}.Release|Any CPU.Build.0 = Release|Any CPU
		{8D40FDA3-B26D-48F1-BCF2-176F71C95A18}.Debug|Any CPU.ActiveCfg = Debug|Any CPU
		{8D40FDA3-B26D-48F1-BCF2-176F71C95A18}.Debug|Any CPU.Build.0 = Debug|Any CPU
		{8D40FDA3-B26D-48F1-BCF2-176F71C95A18}.Release|Any CPU.ActiveCfg = Release|Any CPU
		{8D40FDA3-B26D-48F1-BCF2-176F71C95A18}.Release|Any CPU.Build.0 = Release|Any CPU
		{9E94C13A-1557-4FEA-832B-6796923E5D8C}.Debug|Any CPU.ActiveCfg = Debug|Any CPU
		{9E94C13A-1557-4FEA-832B-6796923E5D8C}.Debug|Any CPU.Build.0 = Debug|Any CPU
		{9E94C13A-1557-4FEA-832B-6796923E5D8C}.Release|Any CPU.ActiveCfg = Release|Any CPU
		{9E94C13A-1557-4FEA-832B-6796923E5D8C}.Release|Any CPU.Build.0 = Release|Any CPU
		{6E25E694-B3A5-478A-B906-92FCE65F6D79}.Debug|Any CPU.ActiveCfg = Debug|Any CPU
		{6E25E694-B3A5-478A-B906-92FCE65F6D79}.Debug|Any CPU.Build.0 = Debug|Any CPU
		{6E25E694-B3A5-478A-B906-92FCE65F6D79}.Release|Any CPU.ActiveCfg = Release|Any CPU
		{6E25E694-B3A5-478A-B906-92FCE65F6D79}.Release|Any CPU.Build.0 = Release|Any CPU
		{CFBBF43D-730F-4361-BDC3-F7F4D1724B2A}.Debug|Any CPU.ActiveCfg = Debug|Any CPU
		{CFBBF43D-730F-4361-BDC3-F7F4D1724B2A}.Debug|Any CPU.Build.0 = Debug|Any CPU
		{CFBBF43D-730F-4361-BDC3-F7F4D1724B2A}.Release|Any CPU.ActiveCfg = Release|Any CPU
		{CFBBF43D-730F-4361-BDC3-F7F4D1724B2A}.Release|Any CPU.Build.0 = Release|Any CPU
		{E28BC63B-27B4-4010-A554-96BEC5E025B5}.Debug|Any CPU.ActiveCfg = Debug|Any CPU
		{E28BC63B-27B4-4010-A554-96BEC5E025B5}.Debug|Any CPU.Build.0 = Debug|Any CPU
		{E28BC63B-27B4-4010-A554-96BEC5E025B5}.Release|Any CPU.ActiveCfg = Release|Any CPU
		{E28BC63B-27B4-4010-A554-96BEC5E025B5}.Release|Any CPU.Build.0 = Release|Any CPU
		{AE5D4D03-81CF-473B-8977-5B7905D317FF}.Debug|Any CPU.ActiveCfg = Debug|Any CPU
		{AE5D4D03-81CF-473B-8977-5B7905D317FF}.Debug|Any CPU.Build.0 = Debug|Any CPU
		{AE5D4D03-81CF-473B-8977-5B7905D317FF}.Release|Any CPU.ActiveCfg = Release|Any CPU
		{AE5D4D03-81CF-473B-8977-5B7905D317FF}.Release|Any CPU.Build.0 = Release|Any CPU
		{58714AB1-C300-4B00-8DE6-081A2F610517}.Debug|Any CPU.ActiveCfg = Debug|Any CPU
		{58714AB1-C300-4B00-8DE6-081A2F610517}.Debug|Any CPU.Build.0 = Debug|Any CPU
		{58714AB1-C300-4B00-8DE6-081A2F610517}.Release|Any CPU.ActiveCfg = Release|Any CPU
		{58714AB1-C300-4B00-8DE6-081A2F610517}.Release|Any CPU.Build.0 = Release|Any CPU
		{3BE7B6EA-8DBC-45E2-947C-1CA7E63B5603}.Debug|Any CPU.ActiveCfg = Debug|Any CPU
		{3BE7B6EA-8DBC-45E2-947C-1CA7E63B5603}.Debug|Any CPU.Build.0 = Debug|Any CPU
		{3BE7B6EA-8DBC-45E2-947C-1CA7E63B5603}.Release|Any CPU.ActiveCfg = Release|Any CPU
		{3BE7B6EA-8DBC-45E2-947C-1CA7E63B5603}.Release|Any CPU.Build.0 = Release|Any CPU
		{F8DDC5B7-A621-4B67-AB4B-BBE083C05BB8}.Debug|Any CPU.ActiveCfg = Debug|Any CPU
		{F8DDC5B7-A621-4B67-AB4B-BBE083C05BB8}.Debug|Any CPU.Build.0 = Debug|Any CPU
		{F8DDC5B7-A621-4B67-AB4B-BBE083C05BB8}.Release|Any CPU.ActiveCfg = Release|Any CPU
		{F8DDC5B7-A621-4B67-AB4B-BBE083C05BB8}.Release|Any CPU.Build.0 = Release|Any CPU
		{AC750DC0-05A3-4F96-8CC5-CFC8FD01D4CF}.Debug|Any CPU.ActiveCfg = Debug|Any CPU
		{AC750DC0-05A3-4F96-8CC5-CFC8FD01D4CF}.Debug|Any CPU.Build.0 = Debug|Any CPU
		{AC750DC0-05A3-4F96-8CC5-CFC8FD01D4CF}.Release|Any CPU.ActiveCfg = Release|Any CPU
		{AC750DC0-05A3-4F96-8CC5-CFC8FD01D4CF}.Release|Any CPU.Build.0 = Release|Any CPU
		{05E0A438-4329-45D4-B63D-C3E0710CFB8E}.Debug|Any CPU.ActiveCfg = Debug|Any CPU
		{05E0A438-4329-45D4-B63D-C3E0710CFB8E}.Debug|Any CPU.Build.0 = Debug|Any CPU
		{05E0A438-4329-45D4-B63D-C3E0710CFB8E}.Release|Any CPU.ActiveCfg = Release|Any CPU
		{05E0A438-4329-45D4-B63D-C3E0710CFB8E}.Release|Any CPU.Build.0 = Release|Any CPU
		{B4641989-BB63-4B72-B8CF-751D96D39098}.Debug|Any CPU.ActiveCfg = Debug|Any CPU
		{B4641989-BB63-4B72-B8CF-751D96D39098}.Debug|Any CPU.Build.0 = Debug|Any CPU
		{B4641989-BB63-4B72-B8CF-751D96D39098}.Release|Any CPU.ActiveCfg = Release|Any CPU
		{B4641989-BB63-4B72-B8CF-751D96D39098}.Release|Any CPU.Build.0 = Release|Any CPU
		{8CE981D1-E0D0-4A91-A004-325C6607A6E2}.Debug|Any CPU.ActiveCfg = Debug|Any CPU
		{8CE981D1-E0D0-4A91-A004-325C6607A6E2}.Debug|Any CPU.Build.0 = Debug|Any CPU
		{8CE981D1-E0D0-4A91-A004-325C6607A6E2}.Release|Any CPU.ActiveCfg = Release|Any CPU
		{8CE981D1-E0D0-4A91-A004-325C6607A6E2}.Release|Any CPU.Build.0 = Release|Any CPU
		{FC05947E-B57D-4458-B937-8AC19E6C85EC}.Debug|Any CPU.ActiveCfg = Debug|Any CPU
		{FC05947E-B57D-4458-B937-8AC19E6C85EC}.Debug|Any CPU.Build.0 = Debug|Any CPU
		{FC05947E-B57D-4458-B937-8AC19E6C85EC}.Release|Any CPU.ActiveCfg = Release|Any CPU
		{FC05947E-B57D-4458-B937-8AC19E6C85EC}.Release|Any CPU.Build.0 = Release|Any CPU
		{41C809F8-85B0-47A1-B3B6-9735DD518846}.Debug|Any CPU.ActiveCfg = Debug|Any CPU
		{41C809F8-85B0-47A1-B3B6-9735DD518846}.Debug|Any CPU.Build.0 = Debug|Any CPU
		{41C809F8-85B0-47A1-B3B6-9735DD518846}.Release|Any CPU.ActiveCfg = Release|Any CPU
		{41C809F8-85B0-47A1-B3B6-9735DD518846}.Release|Any CPU.Build.0 = Release|Any CPU
		{10D76AFD-AFE9-4C45-8452-E489FC6362B8}.Debug|Any CPU.ActiveCfg = Debug|Any CPU
		{10D76AFD-AFE9-4C45-8452-E489FC6362B8}.Debug|Any CPU.Build.0 = Debug|Any CPU
		{10D76AFD-AFE9-4C45-8452-E489FC6362B8}.Release|Any CPU.ActiveCfg = Release|Any CPU
		{10D76AFD-AFE9-4C45-8452-E489FC6362B8}.Release|Any CPU.Build.0 = Release|Any CPU
		{EFB2E31A-5917-49D5-A808-FE5061A550B4}.Debug|Any CPU.ActiveCfg = Debug|Any CPU
		{EFB2E31A-5917-49D5-A808-FE5061A550B4}.Debug|Any CPU.Build.0 = Debug|Any CPU
		{EFB2E31A-5917-49D5-A808-FE5061A550B4}.Release|Any CPU.ActiveCfg = Release|Any CPU
		{EFB2E31A-5917-49D5-A808-FE5061A550B4}.Release|Any CPU.Build.0 = Release|Any CPU
		{119BBACD-D4DB-4E3B-922F-3DA83E0B29E2}.Debug|Any CPU.ActiveCfg = Debug|Any CPU
		{119BBACD-D4DB-4E3B-922F-3DA83E0B29E2}.Debug|Any CPU.Build.0 = Debug|Any CPU
		{119BBACD-D4DB-4E3B-922F-3DA83E0B29E2}.Release|Any CPU.ActiveCfg = Release|Any CPU
		{119BBACD-D4DB-4E3B-922F-3DA83E0B29E2}.Release|Any CPU.Build.0 = Release|Any CPU
		{CF3A74CA-FEFD-4F41-961B-CC8CF8D96286}.Debug|Any CPU.ActiveCfg = Debug|Any CPU
		{CF3A74CA-FEFD-4F41-961B-CC8CF8D96286}.Debug|Any CPU.Build.0 = Debug|Any CPU
		{CF3A74CA-FEFD-4F41-961B-CC8CF8D96286}.Release|Any CPU.ActiveCfg = Release|Any CPU
		{CF3A74CA-FEFD-4F41-961B-CC8CF8D96286}.Release|Any CPU.Build.0 = Release|Any CPU
		{4B054831-5275-44E2-A4D4-CA0B19BEE19A}.Debug|Any CPU.ActiveCfg = Debug|Any CPU
		{4B054831-5275-44E2-A4D4-CA0B19BEE19A}.Debug|Any CPU.Build.0 = Debug|Any CPU
		{4B054831-5275-44E2-A4D4-CA0B19BEE19A}.Release|Any CPU.ActiveCfg = Release|Any CPU
		{4B054831-5275-44E2-A4D4-CA0B19BEE19A}.Release|Any CPU.Build.0 = Release|Any CPU
		{1F5574FE-19F7-4F10-9B88-76A938621F5B}.Debug|Any CPU.ActiveCfg = Debug|Any CPU
		{1F5574FE-19F7-4F10-9B88-76A938621F5B}.Debug|Any CPU.Build.0 = Debug|Any CPU
		{1F5574FE-19F7-4F10-9B88-76A938621F5B}.Release|Any CPU.ActiveCfg = Release|Any CPU
		{1F5574FE-19F7-4F10-9B88-76A938621F5B}.Release|Any CPU.Build.0 = Release|Any CPU
		{86FADACC-57EC-4AA3-8BBE-C6ED526EE596}.Debug|Any CPU.ActiveCfg = Debug|Any CPU
		{86FADACC-57EC-4AA3-8BBE-C6ED526EE596}.Debug|Any CPU.Build.0 = Debug|Any CPU
		{86FADACC-57EC-4AA3-8BBE-C6ED526EE596}.Release|Any CPU.ActiveCfg = Release|Any CPU
		{86FADACC-57EC-4AA3-8BBE-C6ED526EE596}.Release|Any CPU.Build.0 = Release|Any CPU
		{8251BB22-EDA9-4850-A9B7-259C5B171040}.Debug|Any CPU.ActiveCfg = Debug|Any CPU
		{8251BB22-EDA9-4850-A9B7-259C5B171040}.Debug|Any CPU.Build.0 = Debug|Any CPU
		{8251BB22-EDA9-4850-A9B7-259C5B171040}.Release|Any CPU.ActiveCfg = Release|Any CPU
		{8251BB22-EDA9-4850-A9B7-259C5B171040}.Release|Any CPU.Build.0 = Release|Any CPU
		{1FD12FC1-BE00-4EA3-8377-2043A6D6E6E6}.Debug|Any CPU.ActiveCfg = Debug|Any CPU
		{1FD12FC1-BE00-4EA3-8377-2043A6D6E6E6}.Debug|Any CPU.Build.0 = Debug|Any CPU
		{1FD12FC1-BE00-4EA3-8377-2043A6D6E6E6}.Release|Any CPU.ActiveCfg = Release|Any CPU
		{1FD12FC1-BE00-4EA3-8377-2043A6D6E6E6}.Release|Any CPU.Build.0 = Release|Any CPU
		{5BE1EBA7-876C-4E9D-A78C-46A0D6F588C9}.Debug|Any CPU.ActiveCfg = Debug|Any CPU
		{5BE1EBA7-876C-4E9D-A78C-46A0D6F588C9}.Debug|Any CPU.Build.0 = Debug|Any CPU
		{5BE1EBA7-876C-4E9D-A78C-46A0D6F588C9}.Release|Any CPU.ActiveCfg = Release|Any CPU
		{5BE1EBA7-876C-4E9D-A78C-46A0D6F588C9}.Release|Any CPU.Build.0 = Release|Any CPU
		{2C6C2EDE-C4B6-45D3-8E86-CDAE0A629FD6}.Debug|Any CPU.ActiveCfg = Debug|Any CPU
		{2C6C2EDE-C4B6-45D3-8E86-CDAE0A629FD6}.Debug|Any CPU.Build.0 = Debug|Any CPU
		{2C6C2EDE-C4B6-45D3-8E86-CDAE0A629FD6}.Release|Any CPU.ActiveCfg = Release|Any CPU
		{2C6C2EDE-C4B6-45D3-8E86-CDAE0A629FD6}.Release|Any CPU.Build.0 = Release|Any CPU
		{845F8491-348C-4242-A58A-1979E8338B5D}.Debug|Any CPU.ActiveCfg = Debug|Any CPU
		{845F8491-348C-4242-A58A-1979E8338B5D}.Debug|Any CPU.Build.0 = Debug|Any CPU
		{845F8491-348C-4242-A58A-1979E8338B5D}.Release|Any CPU.ActiveCfg = Release|Any CPU
		{845F8491-348C-4242-A58A-1979E8338B5D}.Release|Any CPU.Build.0 = Release|Any CPU
		{3A761C02-C3B2-4672-92F9-B700C68E7EFA}.Debug|Any CPU.ActiveCfg = Debug|Any CPU
		{3A761C02-C3B2-4672-92F9-B700C68E7EFA}.Debug|Any CPU.Build.0 = Debug|Any CPU
		{3A761C02-C3B2-4672-92F9-B700C68E7EFA}.Release|Any CPU.ActiveCfg = Release|Any CPU
		{3A761C02-C3B2-4672-92F9-B700C68E7EFA}.Release|Any CPU.Build.0 = Release|Any CPU
		{6360B673-1E0E-4249-8F84-F24B281F8FD7}.Debug|Any CPU.ActiveCfg = Debug|Any CPU
		{6360B673-1E0E-4249-8F84-F24B281F8FD7}.Debug|Any CPU.Build.0 = Debug|Any CPU
		{6360B673-1E0E-4249-8F84-F24B281F8FD7}.Release|Any CPU.ActiveCfg = Release|Any CPU
		{6360B673-1E0E-4249-8F84-F24B281F8FD7}.Release|Any CPU.Build.0 = Release|Any CPU
		{CC2CE069-5BBB-429E-8510-7C3FBA8069D5}.Debug|Any CPU.ActiveCfg = Debug|Any CPU
		{CC2CE069-5BBB-429E-8510-7C3FBA8069D5}.Debug|Any CPU.Build.0 = Debug|Any CPU
		{CC2CE069-5BBB-429E-8510-7C3FBA8069D5}.Release|Any CPU.ActiveCfg = Release|Any CPU
		{CC2CE069-5BBB-429E-8510-7C3FBA8069D5}.Release|Any CPU.Build.0 = Release|Any CPU
		{88D6D124-711D-4232-AD70-F22AB6AF9EA1}.Debug|Any CPU.ActiveCfg = Debug|Any CPU
		{88D6D124-711D-4232-AD70-F22AB6AF9EA1}.Debug|Any CPU.Build.0 = Debug|Any CPU
		{88D6D124-711D-4232-AD70-F22AB6AF9EA1}.Release|Any CPU.ActiveCfg = Release|Any CPU
		{88D6D124-711D-4232-AD70-F22AB6AF9EA1}.Release|Any CPU.Build.0 = Release|Any CPU
		{17C7E54C-7A95-46A5-9905-90F68D349F3F}.Debug|Any CPU.ActiveCfg = Debug|Any CPU
		{17C7E54C-7A95-46A5-9905-90F68D349F3F}.Debug|Any CPU.Build.0 = Debug|Any CPU
		{17C7E54C-7A95-46A5-9905-90F68D349F3F}.Release|Any CPU.ActiveCfg = Release|Any CPU
		{17C7E54C-7A95-46A5-9905-90F68D349F3F}.Release|Any CPU.Build.0 = Release|Any CPU
		{435F91AD-8BA4-4376-904C-385A165C1AF0}.Debug|Any CPU.ActiveCfg = Debug|Any CPU
		{435F91AD-8BA4-4376-904C-385A165C1AF0}.Debug|Any CPU.Build.0 = Debug|Any CPU
		{435F91AD-8BA4-4376-904C-385A165C1AF0}.Release|Any CPU.ActiveCfg = Release|Any CPU
		{435F91AD-8BA4-4376-904C-385A165C1AF0}.Release|Any CPU.Build.0 = Release|Any CPU
		{158F5D30-8B96-4C49-9009-0B8ACEDF8546}.Debug|Any CPU.ActiveCfg = Debug|Any CPU
		{158F5D30-8B96-4C49-9009-0B8ACEDF8546}.Debug|Any CPU.Build.0 = Debug|Any CPU
		{158F5D30-8B96-4C49-9009-0B8ACEDF8546}.Release|Any CPU.ActiveCfg = Release|Any CPU
		{158F5D30-8B96-4C49-9009-0B8ACEDF8546}.Release|Any CPU.Build.0 = Release|Any CPU
		{441876AF-F691-408C-85EC-6A934E60F627}.Debug|Any CPU.ActiveCfg = Debug|Any CPU
		{441876AF-F691-408C-85EC-6A934E60F627}.Debug|Any CPU.Build.0 = Debug|Any CPU
		{441876AF-F691-408C-85EC-6A934E60F627}.Release|Any CPU.ActiveCfg = Release|Any CPU
		{441876AF-F691-408C-85EC-6A934E60F627}.Release|Any CPU.Build.0 = Release|Any CPU
		{5CD4D4E8-6132-4384-98FC-6AB1C97E0B80}.Debug|Any CPU.ActiveCfg = Debug|Any CPU
		{5CD4D4E8-6132-4384-98FC-6AB1C97E0B80}.Debug|Any CPU.Build.0 = Debug|Any CPU
		{5CD4D4E8-6132-4384-98FC-6AB1C97E0B80}.Release|Any CPU.ActiveCfg = Release|Any CPU
		{5CD4D4E8-6132-4384-98FC-6AB1C97E0B80}.Release|Any CPU.Build.0 = Release|Any CPU
		{9880B87D-8D14-476B-B093-9C3AA0DA8B24}.Debug|Any CPU.ActiveCfg = Debug|Any CPU
		{9880B87D-8D14-476B-B093-9C3AA0DA8B24}.Debug|Any CPU.Build.0 = Debug|Any CPU
		{9880B87D-8D14-476B-B093-9C3AA0DA8B24}.Release|Any CPU.ActiveCfg = Release|Any CPU
		{9880B87D-8D14-476B-B093-9C3AA0DA8B24}.Release|Any CPU.Build.0 = Release|Any CPU
		{8988CDA4-8420-4BEE-869A-66825055EED2}.Debug|Any CPU.ActiveCfg = Debug|Any CPU
		{8988CDA4-8420-4BEE-869A-66825055EED2}.Release|Any CPU.ActiveCfg = Debug|Any CPU
	EndGlobalSection
	GlobalSection(SolutionProperties) = preSolution
		HideSolutionNode = FALSE
	EndGlobalSection
	GlobalSection(NestedProjects) = preSolution
		{05CE3A39-40D4-452D-AFE0-E57E536A08C6} = {4016BDAB-6C33-4D1E-9439-57B416EA45D5}
		{4BFE738F-3D99-4408-85D4-E882737F9CEC} = {4016BDAB-6C33-4D1E-9439-57B416EA45D5}
		{DB6B3C48-B1B1-4977-9FB0-333ED71E84E1} = {4BFE738F-3D99-4408-85D4-E882737F9CEC}
		{BC910C84-EF7C-4F69-AA76-47C0EC06D809} = {4BFE738F-3D99-4408-85D4-E882737F9CEC}
		{4DF7EACE-2B25-43F6-B558-8520BF20BD76} = {8CA61D33-3590-4024-A304-7B1F75B50653}
		{EFB2E31A-5917-49D5-A808-FE5061A550B4} = {8CA61D33-3590-4024-A304-7B1F75B50653}
		{119BBACD-D4DB-4E3B-922F-3DA83E0B29E2} = {4DF7EACE-2B25-43F6-B558-8520BF20BD76}
		{CF3A74CA-FEFD-4F41-961B-CC8CF8D96286} = {8CA61D33-3590-4024-A304-7B1F75B50653}
		{4B054831-5275-44E2-A4D4-CA0B19BEE19A} = {8CA61D33-3590-4024-A304-7B1F75B50653}
		{1F5574FE-19F7-4F10-9B88-76A938621F5B} = {4DF7EACE-2B25-43F6-B558-8520BF20BD76}
		{158F5D30-8B96-4C49-9009-0B8ACEDF8546} = {8CA61D33-3590-4024-A304-7B1F75B50653}
		{441876AF-F691-408C-85EC-6A934E60F627} = {8CA61D33-3590-4024-A304-7B1F75B50653}
		{5CD4D4E8-6132-4384-98FC-6AB1C97E0B80} = {8CA61D33-3590-4024-A304-7B1F75B50653}
		{E5E8C5DC-7048-4818-B884-FB2D037D2EF2} = {8CA61D33-3590-4024-A304-7B1F75B50653}
		{4D0ED7D9-ABEE-4890-B06C-477E3A32B9A0} = {E5E8C5DC-7048-4818-B884-FB2D037D2EF2}
	EndGlobalSection
	GlobalSection(ExtensibilityGlobals) = postSolution
		SolutionGuid = {9F2179CC-CFD2-4419-AB74-D72856931F36}
	EndGlobalSection
EndGlobal
