
Microsoft Visual Studio Solution File, Format Version 12.00
# Visual Studio 14
VisualStudioVersion = 14.0.25420.1
MinimumVisualStudioVersion = 10.0.40219.1
Project("{8BB2217D-0F2D-49D1-97BC-3654ED321F3B}") = "Lucene.Net", "src\Lucene.Net.Core\Lucene.Net.xproj", "{DBC3B677-805C-430E-AF78-A9ABF3975D17}"
EndProject
Project("{8BB2217D-0F2D-49D1-97BC-3654ED321F3B}") = "Lucene.Net.Classification", "src\Lucene.Net.Classification\Lucene.Net.Classification.xproj", "{BA873F14-B93E-473C-9AE3-FB8709472651}"
EndProject
Project("{8BB2217D-0F2D-49D1-97BC-3654ED321F3B}") = "Lucene.Net.Facet", "src\Lucene.Net.Facet\Lucene.Net.Facet.xproj", "{C7D049D9-439C-4DE2-BB0B-60B3DACE18EA}"
EndProject
Project("{8BB2217D-0F2D-49D1-97BC-3654ED321F3B}") = "Lucene.Net.Grouping", "src\Lucene.Net.Grouping\Lucene.Net.Grouping.xproj", "{202D4160-72BD-4646-8892-30477BDC6FBF}"
EndProject
Project("{8BB2217D-0F2D-49D1-97BC-3654ED321F3B}") = "Lucene.Net.Queries", "src\Lucene.Net.Queries\Lucene.Net.Queries.xproj", "{DC3AC85B-8D5A-46FA-B919-DF9FFB7AD8C4}"
EndProject
Project("{8BB2217D-0F2D-49D1-97BC-3654ED321F3B}") = "Lucene.Net.Analysis.Common", "src\Lucene.Net.Analysis.Common\Lucene.Net.Analysis.Common.xproj", "{F5AB15D4-F83A-4F93-B698-AC39843D7142}"
EndProject
Project("{8BB2217D-0F2D-49D1-97BC-3654ED321F3B}") = "Lucene.Net.TestFramework", "src\Lucene.Net.TestFramework\Lucene.Net.TestFramework.xproj", "{940EFD2B-D875-4A6F-ADB2-AD711B8440F4}"
EndProject
Project("{8BB2217D-0F2D-49D1-97BC-3654ED321F3B}") = "Lucene.Net.Join", "src\Lucene.Net.Join\Lucene.Net.Join.xproj", "{C6568F19-8277-4EF0-AD89-8B480DB78C2D}"
EndProject
Project("{8BB2217D-0F2D-49D1-97BC-3654ED321F3B}") = "Lucene.Net.Codecs", "src\Lucene.Net.Codecs\Lucene.Net.Codecs.xproj", "{2796EBEB-8F48-4728-9221-A2C361781BFC}"
EndProject
Project("{8BB2217D-0F2D-49D1-97BC-3654ED321F3B}") = "Lucene.Net.Expressions", "src\Lucene.Net.Expressions\Lucene.Net.Expressions.xproj", "{6668140A-5E37-4C15-A0CA-6AAF9C9C287A}"
EndProject
Project("{8BB2217D-0F2D-49D1-97BC-3654ED321F3B}") = "Lucene.Net.Tests", "src\Lucene.Net.Tests\Lucene.Net.Tests.xproj", "{91AD3FB7-8BC0-4008-852B-9972CD47E6C0}"
EndProject
Project("{8BB2217D-0F2D-49D1-97BC-3654ED321F3B}") = "Lucene.Net.Tests.Analysis.Common", "src\Lucene.Net.Tests.Analysis.Common\Lucene.Net.Tests.Analysis.Common.xproj", "{2C3C4E8A-2E72-4E8F-9790-249D3E343EC3}"
EndProject
Project("{8BB2217D-0F2D-49D1-97BC-3654ED321F3B}") = "Lucene.Net.Tests.Classification", "src\Lucene.Net.Tests.Classification\Lucene.Net.Tests.Classification.xproj", "{7AD0D512-7A96-4A53-9298-3A3FA0695DF3}"
EndProject
Project("{8BB2217D-0F2D-49D1-97BC-3654ED321F3B}") = "Lucene.Net.Tests.Codecs", "src\Lucene.Net.Tests.Codecs\Lucene.Net.Tests.Codecs.xproj", "{CC547DAE-CE11-48F1-BEAF-0725CD074095}"
EndProject
Project("{8BB2217D-0F2D-49D1-97BC-3654ED321F3B}") = "Lucene.Net.Tests.Expressions", "src\Lucene.Net.Tests.Expressions\Lucene.Net.Tests.Expressions.xproj", "{ABA067D4-8DF9-4DA8-91DA-B7130CDEF07D}"
EndProject
Project("{8BB2217D-0F2D-49D1-97BC-3654ED321F3B}") = "Lucene.Net.Tests.Facet", "src\Lucene.Net.Tests.Facet\Lucene.Net.Tests.Facet.xproj", "{D6856EFC-6A2B-4375-AB20-CC349869913F}"
EndProject
Project("{8BB2217D-0F2D-49D1-97BC-3654ED321F3B}") = "Lucene.Net.Tests.Join", "src\Lucene.Net.Tests.Join\Lucene.Net.Tests.Join.xproj", "{11CEC0DC-5E3E-4445-BA78-7D7CF54C1AE7}"
EndProject
Project("{8BB2217D-0F2D-49D1-97BC-3654ED321F3B}") = "Lucene.Net.Tests.Queries", "src\Lucene.Net.Tests.Queries\Lucene.Net.Tests.Queries.xproj", "{0CCF93B7-C394-4A7D-8BB8-E2C199AC9EC6}"
EndProject
Project("{8BB2217D-0F2D-49D1-97BC-3654ED321F3B}") = "Lucene.Net.Memory", "src\Lucene.Net.Memory\Lucene.Net.Memory.xproj", "{DBB44C39-372D-4422-AFA3-ED23F59C0077}"
EndProject
Project("{8BB2217D-0F2D-49D1-97BC-3654ED321F3B}") = "Lucene.Net.Misc", "src\Lucene.Net.Misc\Lucene.Net.Misc.xproj", "{FBCC67E2-AF45-4DD6-8F7A-3AC9D8576BB6}"
EndProject
Project("{8BB2217D-0F2D-49D1-97BC-3654ED321F3B}") = "Lucene.Net.QueryParser", "src\Lucene.Net.QueryParser\Lucene.Net.QueryParser.xproj", "{F80BC73E-A467-44EC-AE1C-EFCA4A7C4454}"
EndProject
Project("{8BB2217D-0F2D-49D1-97BC-3654ED321F3B}") = "Lucene.Net.Suggest", "src\Lucene.Net.Suggest\Lucene.Net.Suggest.xproj", "{08EFC7A6-FFBD-42A3-9BD6-E0E5E68848A7}"
EndProject
Project("{8BB2217D-0F2D-49D1-97BC-3654ED321F3B}") = "Lucene.Net.Tests.Memory", "src\Lucene.Net.Tests.Memory\Lucene.Net.Tests.Memory.xproj", "{3398078A-D42E-48A3-BE05-58AAF8993A8E}"
EndProject
Project("{8BB2217D-0F2D-49D1-97BC-3654ED321F3B}") = "Lucene.Net.Tests.Misc", "src\Lucene.Net.Tests.Misc\Lucene.Net.Tests.Misc.xproj", "{0FC78B55-6B48-4418-92BA-83B3355A2848}"
EndProject
Project("{8BB2217D-0F2D-49D1-97BC-3654ED321F3B}") = "Lucene.Net.Tests.QueryParser", "src\Lucene.Net.Tests.QueryParser\Lucene.Net.Tests.QueryParser.xproj", "{6F03315D-B7E0-4E82-91D3-183EB60C3F12}"
EndProject
Project("{8BB2217D-0F2D-49D1-97BC-3654ED321F3B}") = "Lucene.Net.Tests.Suggest", "src\Lucene.Net.Tests.Suggest\Lucene.Net.Tests.Suggest.xproj", "{F93B52F5-F9A9-452A-B0D1-871F1FFF7377}"
EndProject
Global
	GlobalSection(SolutionConfigurationPlatforms) = preSolution
		Debug|Any CPU = Debug|Any CPU
		Debug|x86 = Debug|x86
		Release|Any CPU = Release|Any CPU
		Release|x86 = Release|x86
	EndGlobalSection
	GlobalSection(ProjectConfigurationPlatforms) = postSolution
		{DBC3B677-805C-430E-AF78-A9ABF3975D17}.Debug|Any CPU.ActiveCfg = Debug|Any CPU
		{DBC3B677-805C-430E-AF78-A9ABF3975D17}.Debug|Any CPU.Build.0 = Debug|Any CPU
		{DBC3B677-805C-430E-AF78-A9ABF3975D17}.Debug|x86.ActiveCfg = Debug|Any CPU
		{DBC3B677-805C-430E-AF78-A9ABF3975D17}.Debug|x86.Build.0 = Debug|Any CPU
		{DBC3B677-805C-430E-AF78-A9ABF3975D17}.Release|Any CPU.ActiveCfg = Release|Any CPU
		{DBC3B677-805C-430E-AF78-A9ABF3975D17}.Release|Any CPU.Build.0 = Release|Any CPU
		{DBC3B677-805C-430E-AF78-A9ABF3975D17}.Release|x86.ActiveCfg = Release|Any CPU
		{DBC3B677-805C-430E-AF78-A9ABF3975D17}.Release|x86.Build.0 = Release|Any CPU
		{BA873F14-B93E-473C-9AE3-FB8709472651}.Debug|Any CPU.ActiveCfg = Debug|Any CPU
		{BA873F14-B93E-473C-9AE3-FB8709472651}.Debug|Any CPU.Build.0 = Debug|Any CPU
		{BA873F14-B93E-473C-9AE3-FB8709472651}.Debug|x86.ActiveCfg = Debug|Any CPU
		{BA873F14-B93E-473C-9AE3-FB8709472651}.Debug|x86.Build.0 = Debug|Any CPU
		{BA873F14-B93E-473C-9AE3-FB8709472651}.Release|Any CPU.ActiveCfg = Release|Any CPU
		{BA873F14-B93E-473C-9AE3-FB8709472651}.Release|Any CPU.Build.0 = Release|Any CPU
		{BA873F14-B93E-473C-9AE3-FB8709472651}.Release|x86.ActiveCfg = Release|Any CPU
		{BA873F14-B93E-473C-9AE3-FB8709472651}.Release|x86.Build.0 = Release|Any CPU
		{C7D049D9-439C-4DE2-BB0B-60B3DACE18EA}.Debug|Any CPU.ActiveCfg = Debug|Any CPU
		{C7D049D9-439C-4DE2-BB0B-60B3DACE18EA}.Debug|Any CPU.Build.0 = Debug|Any CPU
		{C7D049D9-439C-4DE2-BB0B-60B3DACE18EA}.Debug|x86.ActiveCfg = Debug|Any CPU
		{C7D049D9-439C-4DE2-BB0B-60B3DACE18EA}.Debug|x86.Build.0 = Debug|Any CPU
		{C7D049D9-439C-4DE2-BB0B-60B3DACE18EA}.Release|Any CPU.ActiveCfg = Release|Any CPU
		{C7D049D9-439C-4DE2-BB0B-60B3DACE18EA}.Release|Any CPU.Build.0 = Release|Any CPU
		{C7D049D9-439C-4DE2-BB0B-60B3DACE18EA}.Release|x86.ActiveCfg = Release|Any CPU
		{C7D049D9-439C-4DE2-BB0B-60B3DACE18EA}.Release|x86.Build.0 = Release|Any CPU
		{202D4160-72BD-4646-8892-30477BDC6FBF}.Debug|Any CPU.ActiveCfg = Debug|Any CPU
		{202D4160-72BD-4646-8892-30477BDC6FBF}.Debug|Any CPU.Build.0 = Debug|Any CPU
		{202D4160-72BD-4646-8892-30477BDC6FBF}.Debug|x86.ActiveCfg = Debug|Any CPU
		{202D4160-72BD-4646-8892-30477BDC6FBF}.Debug|x86.Build.0 = Debug|Any CPU
		{202D4160-72BD-4646-8892-30477BDC6FBF}.Release|Any CPU.ActiveCfg = Release|Any CPU
		{202D4160-72BD-4646-8892-30477BDC6FBF}.Release|Any CPU.Build.0 = Release|Any CPU
		{202D4160-72BD-4646-8892-30477BDC6FBF}.Release|x86.ActiveCfg = Release|Any CPU
		{202D4160-72BD-4646-8892-30477BDC6FBF}.Release|x86.Build.0 = Release|Any CPU
		{DC3AC85B-8D5A-46FA-B919-DF9FFB7AD8C4}.Debug|Any CPU.ActiveCfg = Debug|Any CPU
		{DC3AC85B-8D5A-46FA-B919-DF9FFB7AD8C4}.Debug|Any CPU.Build.0 = Debug|Any CPU
		{DC3AC85B-8D5A-46FA-B919-DF9FFB7AD8C4}.Debug|x86.ActiveCfg = Debug|Any CPU
		{DC3AC85B-8D5A-46FA-B919-DF9FFB7AD8C4}.Debug|x86.Build.0 = Debug|Any CPU
		{DC3AC85B-8D5A-46FA-B919-DF9FFB7AD8C4}.Release|Any CPU.ActiveCfg = Release|Any CPU
		{DC3AC85B-8D5A-46FA-B919-DF9FFB7AD8C4}.Release|Any CPU.Build.0 = Release|Any CPU
		{DC3AC85B-8D5A-46FA-B919-DF9FFB7AD8C4}.Release|x86.ActiveCfg = Release|Any CPU
		{DC3AC85B-8D5A-46FA-B919-DF9FFB7AD8C4}.Release|x86.Build.0 = Release|Any CPU
		{F5AB15D4-F83A-4F93-B698-AC39843D7142}.Debug|Any CPU.ActiveCfg = Debug|Any CPU
		{F5AB15D4-F83A-4F93-B698-AC39843D7142}.Debug|Any CPU.Build.0 = Debug|Any CPU
		{F5AB15D4-F83A-4F93-B698-AC39843D7142}.Debug|x86.ActiveCfg = Debug|Any CPU
		{F5AB15D4-F83A-4F93-B698-AC39843D7142}.Debug|x86.Build.0 = Debug|Any CPU
		{F5AB15D4-F83A-4F93-B698-AC39843D7142}.Release|Any CPU.ActiveCfg = Release|Any CPU
		{F5AB15D4-F83A-4F93-B698-AC39843D7142}.Release|Any CPU.Build.0 = Release|Any CPU
		{F5AB15D4-F83A-4F93-B698-AC39843D7142}.Release|x86.ActiveCfg = Release|Any CPU
		{F5AB15D4-F83A-4F93-B698-AC39843D7142}.Release|x86.Build.0 = Release|Any CPU
		{940EFD2B-D875-4A6F-ADB2-AD711B8440F4}.Debug|Any CPU.ActiveCfg = Debug|Any CPU
		{940EFD2B-D875-4A6F-ADB2-AD711B8440F4}.Debug|Any CPU.Build.0 = Debug|Any CPU
		{940EFD2B-D875-4A6F-ADB2-AD711B8440F4}.Debug|x86.ActiveCfg = Debug|Any CPU
		{940EFD2B-D875-4A6F-ADB2-AD711B8440F4}.Debug|x86.Build.0 = Debug|Any CPU
		{940EFD2B-D875-4A6F-ADB2-AD711B8440F4}.Release|Any CPU.ActiveCfg = Release|Any CPU
		{940EFD2B-D875-4A6F-ADB2-AD711B8440F4}.Release|Any CPU.Build.0 = Release|Any CPU
		{940EFD2B-D875-4A6F-ADB2-AD711B8440F4}.Release|x86.ActiveCfg = Release|Any CPU
		{940EFD2B-D875-4A6F-ADB2-AD711B8440F4}.Release|x86.Build.0 = Release|Any CPU
		{C6568F19-8277-4EF0-AD89-8B480DB78C2D}.Debug|Any CPU.ActiveCfg = Debug|Any CPU
		{C6568F19-8277-4EF0-AD89-8B480DB78C2D}.Debug|Any CPU.Build.0 = Debug|Any CPU
		{C6568F19-8277-4EF0-AD89-8B480DB78C2D}.Debug|x86.ActiveCfg = Debug|Any CPU
		{C6568F19-8277-4EF0-AD89-8B480DB78C2D}.Debug|x86.Build.0 = Debug|Any CPU
		{C6568F19-8277-4EF0-AD89-8B480DB78C2D}.Release|Any CPU.ActiveCfg = Release|Any CPU
		{C6568F19-8277-4EF0-AD89-8B480DB78C2D}.Release|Any CPU.Build.0 = Release|Any CPU
		{C6568F19-8277-4EF0-AD89-8B480DB78C2D}.Release|x86.ActiveCfg = Release|Any CPU
		{C6568F19-8277-4EF0-AD89-8B480DB78C2D}.Release|x86.Build.0 = Release|Any CPU
		{2796EBEB-8F48-4728-9221-A2C361781BFC}.Debug|Any CPU.ActiveCfg = Debug|Any CPU
		{2796EBEB-8F48-4728-9221-A2C361781BFC}.Debug|Any CPU.Build.0 = Debug|Any CPU
		{2796EBEB-8F48-4728-9221-A2C361781BFC}.Debug|x86.ActiveCfg = Debug|Any CPU
		{2796EBEB-8F48-4728-9221-A2C361781BFC}.Debug|x86.Build.0 = Debug|Any CPU
		{2796EBEB-8F48-4728-9221-A2C361781BFC}.Release|Any CPU.ActiveCfg = Release|Any CPU
		{2796EBEB-8F48-4728-9221-A2C361781BFC}.Release|Any CPU.Build.0 = Release|Any CPU
		{2796EBEB-8F48-4728-9221-A2C361781BFC}.Release|x86.ActiveCfg = Release|Any CPU
		{2796EBEB-8F48-4728-9221-A2C361781BFC}.Release|x86.Build.0 = Release|Any CPU
		{6668140A-5E37-4C15-A0CA-6AAF9C9C287A}.Debug|Any CPU.ActiveCfg = Debug|Any CPU
		{6668140A-5E37-4C15-A0CA-6AAF9C9C287A}.Debug|Any CPU.Build.0 = Debug|Any CPU
		{6668140A-5E37-4C15-A0CA-6AAF9C9C287A}.Debug|x86.ActiveCfg = Debug|Any CPU
		{6668140A-5E37-4C15-A0CA-6AAF9C9C287A}.Debug|x86.Build.0 = Debug|Any CPU
		{6668140A-5E37-4C15-A0CA-6AAF9C9C287A}.Release|Any CPU.ActiveCfg = Release|Any CPU
		{6668140A-5E37-4C15-A0CA-6AAF9C9C287A}.Release|Any CPU.Build.0 = Release|Any CPU
		{6668140A-5E37-4C15-A0CA-6AAF9C9C287A}.Release|x86.ActiveCfg = Release|Any CPU
		{6668140A-5E37-4C15-A0CA-6AAF9C9C287A}.Release|x86.Build.0 = Release|Any CPU
		{91AD3FB7-8BC0-4008-852B-9972CD47E6C0}.Debug|Any CPU.ActiveCfg = Debug|Any CPU
		{91AD3FB7-8BC0-4008-852B-9972CD47E6C0}.Debug|Any CPU.Build.0 = Debug|Any CPU
		{91AD3FB7-8BC0-4008-852B-9972CD47E6C0}.Debug|x86.ActiveCfg = Debug|Any CPU
		{91AD3FB7-8BC0-4008-852B-9972CD47E6C0}.Debug|x86.Build.0 = Debug|Any CPU
		{91AD3FB7-8BC0-4008-852B-9972CD47E6C0}.Release|Any CPU.ActiveCfg = Release|Any CPU
		{91AD3FB7-8BC0-4008-852B-9972CD47E6C0}.Release|Any CPU.Build.0 = Release|Any CPU
		{91AD3FB7-8BC0-4008-852B-9972CD47E6C0}.Release|x86.ActiveCfg = Release|Any CPU
		{91AD3FB7-8BC0-4008-852B-9972CD47E6C0}.Release|x86.Build.0 = Release|Any CPU
		{2C3C4E8A-2E72-4E8F-9790-249D3E343EC3}.Debug|Any CPU.ActiveCfg = Debug|Any CPU
		{2C3C4E8A-2E72-4E8F-9790-249D3E343EC3}.Debug|Any CPU.Build.0 = Debug|Any CPU
		{2C3C4E8A-2E72-4E8F-9790-249D3E343EC3}.Debug|x86.ActiveCfg = Debug|Any CPU
		{2C3C4E8A-2E72-4E8F-9790-249D3E343EC3}.Debug|x86.Build.0 = Debug|Any CPU
		{2C3C4E8A-2E72-4E8F-9790-249D3E343EC3}.Release|Any CPU.ActiveCfg = Release|Any CPU
		{2C3C4E8A-2E72-4E8F-9790-249D3E343EC3}.Release|Any CPU.Build.0 = Release|Any CPU
		{2C3C4E8A-2E72-4E8F-9790-249D3E343EC3}.Release|x86.ActiveCfg = Release|Any CPU
		{2C3C4E8A-2E72-4E8F-9790-249D3E343EC3}.Release|x86.Build.0 = Release|Any CPU
		{7AD0D512-7A96-4A53-9298-3A3FA0695DF3}.Debug|Any CPU.ActiveCfg = Debug|Any CPU
		{7AD0D512-7A96-4A53-9298-3A3FA0695DF3}.Debug|Any CPU.Build.0 = Debug|Any CPU
		{7AD0D512-7A96-4A53-9298-3A3FA0695DF3}.Debug|x86.ActiveCfg = Debug|Any CPU
		{7AD0D512-7A96-4A53-9298-3A3FA0695DF3}.Debug|x86.Build.0 = Debug|Any CPU
		{7AD0D512-7A96-4A53-9298-3A3FA0695DF3}.Release|Any CPU.ActiveCfg = Release|Any CPU
		{7AD0D512-7A96-4A53-9298-3A3FA0695DF3}.Release|Any CPU.Build.0 = Release|Any CPU
		{7AD0D512-7A96-4A53-9298-3A3FA0695DF3}.Release|x86.ActiveCfg = Release|Any CPU
		{7AD0D512-7A96-4A53-9298-3A3FA0695DF3}.Release|x86.Build.0 = Release|Any CPU
		{CC547DAE-CE11-48F1-BEAF-0725CD074095}.Debug|Any CPU.ActiveCfg = Debug|Any CPU
		{CC547DAE-CE11-48F1-BEAF-0725CD074095}.Debug|Any CPU.Build.0 = Debug|Any CPU
		{CC547DAE-CE11-48F1-BEAF-0725CD074095}.Debug|x86.ActiveCfg = Debug|Any CPU
		{CC547DAE-CE11-48F1-BEAF-0725CD074095}.Debug|x86.Build.0 = Debug|Any CPU
		{CC547DAE-CE11-48F1-BEAF-0725CD074095}.Release|Any CPU.ActiveCfg = Release|Any CPU
		{CC547DAE-CE11-48F1-BEAF-0725CD074095}.Release|Any CPU.Build.0 = Release|Any CPU
		{CC547DAE-CE11-48F1-BEAF-0725CD074095}.Release|x86.ActiveCfg = Release|Any CPU
		{CC547DAE-CE11-48F1-BEAF-0725CD074095}.Release|x86.Build.0 = Release|Any CPU
		{ABA067D4-8DF9-4DA8-91DA-B7130CDEF07D}.Debug|Any CPU.ActiveCfg = Debug|Any CPU
		{ABA067D4-8DF9-4DA8-91DA-B7130CDEF07D}.Debug|Any CPU.Build.0 = Debug|Any CPU
		{ABA067D4-8DF9-4DA8-91DA-B7130CDEF07D}.Debug|x86.ActiveCfg = Debug|Any CPU
		{ABA067D4-8DF9-4DA8-91DA-B7130CDEF07D}.Debug|x86.Build.0 = Debug|Any CPU
		{ABA067D4-8DF9-4DA8-91DA-B7130CDEF07D}.Release|Any CPU.ActiveCfg = Release|Any CPU
		{ABA067D4-8DF9-4DA8-91DA-B7130CDEF07D}.Release|Any CPU.Build.0 = Release|Any CPU
		{ABA067D4-8DF9-4DA8-91DA-B7130CDEF07D}.Release|x86.ActiveCfg = Release|Any CPU
		{ABA067D4-8DF9-4DA8-91DA-B7130CDEF07D}.Release|x86.Build.0 = Release|Any CPU
		{D6856EFC-6A2B-4375-AB20-CC349869913F}.Debug|Any CPU.ActiveCfg = Debug|Any CPU
		{D6856EFC-6A2B-4375-AB20-CC349869913F}.Debug|Any CPU.Build.0 = Debug|Any CPU
		{D6856EFC-6A2B-4375-AB20-CC349869913F}.Debug|x86.ActiveCfg = Debug|Any CPU
		{D6856EFC-6A2B-4375-AB20-CC349869913F}.Debug|x86.Build.0 = Debug|Any CPU
		{D6856EFC-6A2B-4375-AB20-CC349869913F}.Release|Any CPU.ActiveCfg = Release|Any CPU
		{D6856EFC-6A2B-4375-AB20-CC349869913F}.Release|Any CPU.Build.0 = Release|Any CPU
		{D6856EFC-6A2B-4375-AB20-CC349869913F}.Release|x86.ActiveCfg = Release|Any CPU
		{D6856EFC-6A2B-4375-AB20-CC349869913F}.Release|x86.Build.0 = Release|Any CPU
		{11CEC0DC-5E3E-4445-BA78-7D7CF54C1AE7}.Debug|Any CPU.ActiveCfg = Debug|Any CPU
		{11CEC0DC-5E3E-4445-BA78-7D7CF54C1AE7}.Debug|Any CPU.Build.0 = Debug|Any CPU
		{11CEC0DC-5E3E-4445-BA78-7D7CF54C1AE7}.Debug|x86.ActiveCfg = Debug|Any CPU
		{11CEC0DC-5E3E-4445-BA78-7D7CF54C1AE7}.Debug|x86.Build.0 = Debug|Any CPU
		{11CEC0DC-5E3E-4445-BA78-7D7CF54C1AE7}.Release|Any CPU.ActiveCfg = Release|Any CPU
		{11CEC0DC-5E3E-4445-BA78-7D7CF54C1AE7}.Release|Any CPU.Build.0 = Release|Any CPU
		{11CEC0DC-5E3E-4445-BA78-7D7CF54C1AE7}.Release|x86.ActiveCfg = Release|Any CPU
		{11CEC0DC-5E3E-4445-BA78-7D7CF54C1AE7}.Release|x86.Build.0 = Release|Any CPU
		{0CCF93B7-C394-4A7D-8BB8-E2C199AC9EC6}.Debug|Any CPU.ActiveCfg = Debug|Any CPU
		{0CCF93B7-C394-4A7D-8BB8-E2C199AC9EC6}.Debug|Any CPU.Build.0 = Debug|Any CPU
		{0CCF93B7-C394-4A7D-8BB8-E2C199AC9EC6}.Debug|x86.ActiveCfg = Debug|Any CPU
		{0CCF93B7-C394-4A7D-8BB8-E2C199AC9EC6}.Debug|x86.Build.0 = Debug|Any CPU
		{0CCF93B7-C394-4A7D-8BB8-E2C199AC9EC6}.Release|Any CPU.ActiveCfg = Release|Any CPU
		{0CCF93B7-C394-4A7D-8BB8-E2C199AC9EC6}.Release|Any CPU.Build.0 = Release|Any CPU
		{0CCF93B7-C394-4A7D-8BB8-E2C199AC9EC6}.Release|x86.ActiveCfg = Release|Any CPU
		{0CCF93B7-C394-4A7D-8BB8-E2C199AC9EC6}.Release|x86.Build.0 = Release|Any CPU
		{DBB44C39-372D-4422-AFA3-ED23F59C0077}.Debug|Any CPU.ActiveCfg = Debug|Any CPU
		{DBB44C39-372D-4422-AFA3-ED23F59C0077}.Debug|Any CPU.Build.0 = Debug|Any CPU
		{DBB44C39-372D-4422-AFA3-ED23F59C0077}.Debug|x86.ActiveCfg = Debug|Any CPU
		{DBB44C39-372D-4422-AFA3-ED23F59C0077}.Debug|x86.Build.0 = Debug|Any CPU
		{DBB44C39-372D-4422-AFA3-ED23F59C0077}.Release|Any CPU.ActiveCfg = Release|Any CPU
		{DBB44C39-372D-4422-AFA3-ED23F59C0077}.Release|Any CPU.Build.0 = Release|Any CPU
		{DBB44C39-372D-4422-AFA3-ED23F59C0077}.Release|x86.ActiveCfg = Release|Any CPU
		{DBB44C39-372D-4422-AFA3-ED23F59C0077}.Release|x86.Build.0 = Release|Any CPU
		{FBCC67E2-AF45-4DD6-8F7A-3AC9D8576BB6}.Debug|Any CPU.ActiveCfg = Debug|Any CPU
		{FBCC67E2-AF45-4DD6-8F7A-3AC9D8576BB6}.Debug|Any CPU.Build.0 = Debug|Any CPU
		{FBCC67E2-AF45-4DD6-8F7A-3AC9D8576BB6}.Debug|x86.ActiveCfg = Debug|Any CPU
		{FBCC67E2-AF45-4DD6-8F7A-3AC9D8576BB6}.Debug|x86.Build.0 = Debug|Any CPU
		{FBCC67E2-AF45-4DD6-8F7A-3AC9D8576BB6}.Release|Any CPU.ActiveCfg = Release|Any CPU
		{FBCC67E2-AF45-4DD6-8F7A-3AC9D8576BB6}.Release|Any CPU.Build.0 = Release|Any CPU
		{FBCC67E2-AF45-4DD6-8F7A-3AC9D8576BB6}.Release|x86.ActiveCfg = Release|Any CPU
		{FBCC67E2-AF45-4DD6-8F7A-3AC9D8576BB6}.Release|x86.Build.0 = Release|Any CPU
		{F80BC73E-A467-44EC-AE1C-EFCA4A7C4454}.Debug|Any CPU.ActiveCfg = Debug|Any CPU
		{F80BC73E-A467-44EC-AE1C-EFCA4A7C4454}.Debug|Any CPU.Build.0 = Debug|Any CPU
		{F80BC73E-A467-44EC-AE1C-EFCA4A7C4454}.Debug|x86.ActiveCfg = Debug|Any CPU
		{F80BC73E-A467-44EC-AE1C-EFCA4A7C4454}.Debug|x86.Build.0 = Debug|Any CPU
		{F80BC73E-A467-44EC-AE1C-EFCA4A7C4454}.Release|Any CPU.ActiveCfg = Release|Any CPU
		{F80BC73E-A467-44EC-AE1C-EFCA4A7C4454}.Release|Any CPU.Build.0 = Release|Any CPU
		{F80BC73E-A467-44EC-AE1C-EFCA4A7C4454}.Release|x86.ActiveCfg = Release|Any CPU
		{F80BC73E-A467-44EC-AE1C-EFCA4A7C4454}.Release|x86.Build.0 = Release|Any CPU
		{08EFC7A6-FFBD-42A3-9BD6-E0E5E68848A7}.Debug|Any CPU.ActiveCfg = Debug|Any CPU
		{08EFC7A6-FFBD-42A3-9BD6-E0E5E68848A7}.Debug|Any CPU.Build.0 = Debug|Any CPU
		{08EFC7A6-FFBD-42A3-9BD6-E0E5E68848A7}.Debug|x86.ActiveCfg = Debug|Any CPU
		{08EFC7A6-FFBD-42A3-9BD6-E0E5E68848A7}.Debug|x86.Build.0 = Debug|Any CPU
		{08EFC7A6-FFBD-42A3-9BD6-E0E5E68848A7}.Release|Any CPU.ActiveCfg = Release|Any CPU
		{08EFC7A6-FFBD-42A3-9BD6-E0E5E68848A7}.Release|Any CPU.Build.0 = Release|Any CPU
		{08EFC7A6-FFBD-42A3-9BD6-E0E5E68848A7}.Release|x86.ActiveCfg = Release|Any CPU
		{08EFC7A6-FFBD-42A3-9BD6-E0E5E68848A7}.Release|x86.Build.0 = Release|Any CPU
		{3398078A-D42E-48A3-BE05-58AAF8993A8E}.Debug|Any CPU.ActiveCfg = Debug|Any CPU
		{3398078A-D42E-48A3-BE05-58AAF8993A8E}.Debug|Any CPU.Build.0 = Debug|Any CPU
		{3398078A-D42E-48A3-BE05-58AAF8993A8E}.Debug|x86.ActiveCfg = Debug|Any CPU
		{3398078A-D42E-48A3-BE05-58AAF8993A8E}.Debug|x86.Build.0 = Debug|Any CPU
		{3398078A-D42E-48A3-BE05-58AAF8993A8E}.Release|Any CPU.ActiveCfg = Release|Any CPU
		{3398078A-D42E-48A3-BE05-58AAF8993A8E}.Release|Any CPU.Build.0 = Release|Any CPU
		{3398078A-D42E-48A3-BE05-58AAF8993A8E}.Release|x86.ActiveCfg = Release|Any CPU
		{3398078A-D42E-48A3-BE05-58AAF8993A8E}.Release|x86.Build.0 = Release|Any CPU
		{0FC78B55-6B48-4418-92BA-83B3355A2848}.Debug|Any CPU.ActiveCfg = Debug|Any CPU
		{0FC78B55-6B48-4418-92BA-83B3355A2848}.Debug|Any CPU.Build.0 = Debug|Any CPU
		{0FC78B55-6B48-4418-92BA-83B3355A2848}.Debug|x86.ActiveCfg = Debug|Any CPU
		{0FC78B55-6B48-4418-92BA-83B3355A2848}.Debug|x86.Build.0 = Debug|Any CPU
		{0FC78B55-6B48-4418-92BA-83B3355A2848}.Release|Any CPU.ActiveCfg = Release|Any CPU
		{0FC78B55-6B48-4418-92BA-83B3355A2848}.Release|Any CPU.Build.0 = Release|Any CPU
		{0FC78B55-6B48-4418-92BA-83B3355A2848}.Release|x86.ActiveCfg = Release|Any CPU
		{0FC78B55-6B48-4418-92BA-83B3355A2848}.Release|x86.Build.0 = Release|Any CPU
		{6F03315D-B7E0-4E82-91D3-183EB60C3F12}.Debug|Any CPU.ActiveCfg = Debug|Any CPU
		{6F03315D-B7E0-4E82-91D3-183EB60C3F12}.Debug|Any CPU.Build.0 = Debug|Any CPU
		{6F03315D-B7E0-4E82-91D3-183EB60C3F12}.Debug|x86.ActiveCfg = Debug|Any CPU
		{6F03315D-B7E0-4E82-91D3-183EB60C3F12}.Debug|x86.Build.0 = Debug|Any CPU
		{6F03315D-B7E0-4E82-91D3-183EB60C3F12}.Release|Any CPU.ActiveCfg = Release|Any CPU
		{6F03315D-B7E0-4E82-91D3-183EB60C3F12}.Release|Any CPU.Build.0 = Release|Any CPU
		{6F03315D-B7E0-4E82-91D3-183EB60C3F12}.Release|x86.ActiveCfg = Release|Any CPU
		{6F03315D-B7E0-4E82-91D3-183EB60C3F12}.Release|x86.Build.0 = Release|Any CPU
		{F93B52F5-F9A9-452A-B0D1-871F1FFF7377}.Debug|Any CPU.ActiveCfg = Debug|Any CPU
		{F93B52F5-F9A9-452A-B0D1-871F1FFF7377}.Debug|Any CPU.Build.0 = Debug|Any CPU
		{F93B52F5-F9A9-452A-B0D1-871F1FFF7377}.Debug|x86.ActiveCfg = Debug|Any CPU
		{F93B52F5-F9A9-452A-B0D1-871F1FFF7377}.Debug|x86.Build.0 = Debug|Any CPU
		{F93B52F5-F9A9-452A-B0D1-871F1FFF7377}.Release|Any CPU.ActiveCfg = Release|Any CPU
		{F93B52F5-F9A9-452A-B0D1-871F1FFF7377}.Release|Any CPU.Build.0 = Release|Any CPU
		{F93B52F5-F9A9-452A-B0D1-871F1FFF7377}.Release|x86.ActiveCfg = Release|Any CPU
		{F93B52F5-F9A9-452A-B0D1-871F1FFF7377}.Release|x86.Build.0 = Release|Any CPU
	EndGlobalSection
	GlobalSection(SolutionProperties) = preSolution
		HideSolutionNode = FALSE
	EndGlobalSection
EndGlobal
