
Microsoft Visual Studio Solution File, Format Version 12.00
# Visual Studio 14
VisualStudioVersion = 14.0.25420.1
VisualStudioVersion = 14.0.25123.0
MinimumVisualStudioVersion = 10.0.40219.1
Project("{FAE04EC0-301F-11D3-BF4B-00C04F79EFBC}") = "Lucene.Net", "src\Lucene.Net.Core\Lucene.Net.csproj", "{5D4AD9BE-1FFB-41AB-9943-25737971BF57}"
EndProject
Project("{FAE04EC0-301F-11D3-BF4B-00C04F79EFBC}") = "Lucene.Net.Tests", "src\Lucene.Net.Tests\Lucene.Net.Tests.csproj", "{DE63DB10-975F-460D-AF85-572C17A91284}"
EndProject
Project("{FAE04EC0-301F-11D3-BF4B-00C04F79EFBC}") = "Lucene.Net.TestFramework", "src\Lucene.Net.TestFramework\Lucene.Net.TestFramework.csproj", "{B2C0D749-CE34-4F62-A15E-00CB2FF5DDB3}"
EndProject
Project("{FAE04EC0-301F-11D3-BF4B-00C04F79EFBC}") = "Lucene.Net.Queries", "src\Lucene.Net.Queries\Lucene.Net.Queries.csproj", "{69D7956C-C2CC-4708-B399-A188FEC384C4}"
EndProject
Project("{FAE04EC0-301F-11D3-BF4B-00C04F79EFBC}") = "Lucene.Net.Facet", "src\Lucene.Net.Facet\Lucene.Net.Facet.csproj", "{48F7884A-9454-4E88-8413-9D35992CB440}"
EndProject
Project("{FAE04EC0-301F-11D3-BF4B-00C04F79EFBC}") = "Lucene.Net.Tests.Facet", "src\Lucene.Net.Tests.Facet\Lucene.Net.Tests.Facet.csproj", "{4D77E491-F50F-4A0C-9BD9-F9AB655720AD}"
	ProjectSection(ProjectDependencies) = postProject
		{DE63DB10-975F-460D-AF85-572C17A91284} = {DE63DB10-975F-460D-AF85-572C17A91284}
		{B2C0D749-CE34-4F62-A15E-00CB2FF5DDB3} = {B2C0D749-CE34-4F62-A15E-00CB2FF5DDB3}
	EndProjectSection
EndProject
Project("{FAE04EC0-301F-11D3-BF4B-00C04F79EFBC}") = "Lucene.Net.Classification", "src\Lucene.Net.Classification\Lucene.Net.Classification.csproj", "{E067B8BB-D8E7-4040-BEB8-EFF8BB4149BD}"
EndProject
Project("{FAE04EC0-301F-11D3-BF4B-00C04F79EFBC}") = "Lucene.Net.Tests.Classification", "src\Lucene.Net.Tests.Classification\Lucene.Net.Tests.Classification.csproj", "{866723F4-E3A4-47C5-A49F-9A68ADD4CFAE}"
	ProjectSection(ProjectDependencies) = postProject
		{DE63DB10-975F-460D-AF85-572C17A91284} = {DE63DB10-975F-460D-AF85-572C17A91284}
		{B2C0D749-CE34-4F62-A15E-00CB2FF5DDB3} = {B2C0D749-CE34-4F62-A15E-00CB2FF5DDB3}
		{69D7956C-C2CC-4708-B399-A188FEC384C4} = {69D7956C-C2CC-4708-B399-A188FEC384C4}
	EndProjectSection
EndProject
Project("{FAE04EC0-301F-11D3-BF4B-00C04F79EFBC}") = "Lucene.Net.Expressions", "src\Lucene.Net.Expressions\Lucene.Net.Expressions.csproj", "{DC83004C-183A-4E1A-ABEA-4FE95B4BC079}"
EndProject
Project("{FAE04EC0-301F-11D3-BF4B-00C04F79EFBC}") = "Lucene.Net.Tests.Expressions", "src\Lucene.Net.Tests.Expressions\Lucene.Net.Tests.Expressions.csproj", "{F4873D95-4300-4E83-AFFA-EF796495D0F0}"
EndProject
Project("{FAE04EC0-301F-11D3-BF4B-00C04F79EFBC}") = "Lucene.Net.Tests.Queries", "src\Lucene.Net.Tests.Queries\Lucene.Net.Tests.Queries.csproj", "{D7276EA2-71BE-4208-889B-B1BD48DBE023}"
EndProject
Project("{FAE04EC0-301F-11D3-BF4B-00C04F79EFBC}") = "Lucene.Net.Codecs", "src\Lucene.Net.Codecs\Lucene.Net.Codecs.csproj", "{3F79B6D4-4359-4F83-B64F-07F4F6262425}"
EndProject
Project("{FAE04EC0-301F-11D3-BF4B-00C04F79EFBC}") = "Lucene.Net.Join", "src\Lucene.Net.Join\Lucene.Net.Join.csproj", "{E8A339C7-FCF6-4A72-8586-56D8961D7B99}"
EndProject
Project("{FAE04EC0-301F-11D3-BF4B-00C04F79EFBC}") = "Lucene.Net.Grouping", "src\Lucene.Net.Grouping\Lucene.Net.Grouping.csproj", "{02BAB603-067D-48B1-AEDD-316849652568}"
EndProject
Project("{FAE04EC0-301F-11D3-BF4B-00C04F79EFBC}") = "Lucene.Net.Tests.Join", "src\Lucene.Net.Tests.Join\Lucene.Net.Tests.Join.csproj", "{4C1B794F-8158-45E6-85B3-2C46569BEBC2}"
EndProject
Project("{FAE04EC0-301F-11D3-BF4B-00C04F79EFBC}") = "Lucene.Net.Analysis.Common", "src\Lucene.Net.Analysis.Common\Lucene.Net.Analysis.Common.csproj", "{4ADD0BBC-B900-4715-9526-D871DE8EEA64}"
EndProject
Project("{FAE04EC0-301F-11D3-BF4B-00C04F79EFBC}") = "Lucene.Net.Tests.Analysis.Common", "src\Lucene.Net.Tests.Analysis.Common\Lucene.Net.Tests.Analysis.Common.csproj", "{C54FE8FA-7986-4C94-B872-D5BFF7C6C74E}"
EndProject
Project("{FAE04EC0-301F-11D3-BF4B-00C04F79EFBC}") = "Lucene.Net.Tests.Codecs", "src\Lucene.Net.Tests.Codecs\Lucene.Net.Tests.Codecs.csproj", "{351B75B1-BBD5-4E32-8036-7BED4E0135A6}"
EndProject
Project("{FAE04EC0-301F-11D3-BF4B-00C04F79EFBC}") = "Lucene.Net.QueryParser", "src\Lucene.Net.QueryParser\Lucene.Net.QueryParser.csproj", "{949BA34B-6AE6-4CE3-B578-61E13E4D76BF}"
EndProject
Project("{FAE04EC0-301F-11D3-BF4B-00C04F79EFBC}") = "Lucene.Net.Tests.QueryParser", "src\Lucene.Net.Tests.QueryParser\Lucene.Net.Tests.QueryParser.csproj", "{5719FB4F-BF80-40E5-BACC-37E8E18FCA2E}"
EndProject
Project("{FAE04EC0-301F-11D3-BF4B-00C04F79EFBC}") = "Lucene.Net.Misc", "src\Lucene.Net.Misc\Lucene.Net.Misc.csproj", "{A3A0D943-B91A-4B7A-9FCB-6160EA575D95}"
EndProject
Project("{FAE04EC0-301F-11D3-BF4B-00C04F79EFBC}") = "Lucene.Net.Tests.Misc", "src\Lucene.Net.Tests.Misc\Lucene.Net.Tests.Misc.csproj", "{7895E023-EB91-401C-B2B3-754EEC42134B}"
EndProject
Project("{FAE04EC0-301F-11D3-BF4B-00C04F79EFBC}") = "Lucene.Net.Suggest", "src\Lucene.Net.Suggest\Lucene.Net.Suggest.csproj", "{FBD2EB4D-EAC9-409C-A23D-64D27DF23576}"
EndProject
Project("{FAE04EC0-301F-11D3-BF4B-00C04F79EFBC}") = "Lucene.Net.Tests.Suggest", "src\Lucene.Net.Tests.Suggest\Lucene.Net.Tests.Suggest.csproj", "{A6511598-3008-4A3B-AE68-2D1DA792CA8A}"
EndProject
Project("{FAE04EC0-301F-11D3-BF4B-00C04F79EFBC}") = "Lucene.Net.Memory", "src\Lucene.Net.Memory\Lucene.Net.Memory.csproj", "{42ECF239-AFC1-427D-921E-B5A277809CF0}"
EndProject
Project("{FAE04EC0-301F-11D3-BF4B-00C04F79EFBC}") = "Lucene.Net.Tests.Memory", "src\Lucene.Net.Tests.Memory\Lucene.Net.Tests.Memory.csproj", "{7F9378BF-C88D-46FF-9AE8-5E7D8C0225D3}"
EndProject
Project("{FAE04EC0-301F-11D3-BF4B-00C04F79EFBC}") = "Lucene.Net.Analysis.Stempel", "src\Lucene.Net.Analysis.Stempel\Lucene.Net.Analysis.Stempel.csproj", "{A76DAD88-E3A5-40F9-9114-FACD77BD8265}"
EndProject
Project("{FAE04EC0-301F-11D3-BF4B-00C04F79EFBC}") = "Lucene.Net.Tests.Analysis.Stempel", "src\Lucene.Net.Tests.Analysis.Stempel\Lucene.Net.Tests.Analysis.Stempel.csproj", "{940A6AB1-F00A-40E2-BC1A-2898EFA8C48F}"
EndProject
Project("{FAE04EC0-301F-11D3-BF4B-00C04F79EFBC}") = "Lucene.Net.Tests.Grouping", "src\Lucene.Net.Tests.Grouping\Lucene.Net.Tests.Grouping.csproj", "{C2349F0D-FB66-4544-9C33-4D87F73C6004}"
EndProject
Global
	GlobalSection(SolutionConfigurationPlatforms) = preSolution
		Debug|Any CPU = Debug|Any CPU
		Debug|Mixed Platforms = Debug|Mixed Platforms
		Debug|x86 = Debug|x86
		Release|Any CPU = Release|Any CPU
		Release|Mixed Platforms = Release|Mixed Platforms
		Release|x86 = Release|x86
	EndGlobalSection
	GlobalSection(ProjectConfigurationPlatforms) = postSolution
		{5D4AD9BE-1FFB-41AB-9943-25737971BF57}.Debug|Any CPU.ActiveCfg = Debug|Any CPU
		{5D4AD9BE-1FFB-41AB-9943-25737971BF57}.Debug|Any CPU.Build.0 = Debug|Any CPU
		{5D4AD9BE-1FFB-41AB-9943-25737971BF57}.Debug|Mixed Platforms.ActiveCfg = Debug|Any CPU
		{5D4AD9BE-1FFB-41AB-9943-25737971BF57}.Debug|Mixed Platforms.Build.0 = Debug|Any CPU
		{5D4AD9BE-1FFB-41AB-9943-25737971BF57}.Debug|x86.ActiveCfg = Debug|Any CPU
		{5D4AD9BE-1FFB-41AB-9943-25737971BF57}.Debug|x86.Build.0 = Debug|Any CPU
		{5D4AD9BE-1FFB-41AB-9943-25737971BF57}.Release|Any CPU.ActiveCfg = Release|Any CPU
		{5D4AD9BE-1FFB-41AB-9943-25737971BF57}.Release|Any CPU.Build.0 = Release|Any CPU
		{5D4AD9BE-1FFB-41AB-9943-25737971BF57}.Release|Mixed Platforms.ActiveCfg = Release|Any CPU
		{5D4AD9BE-1FFB-41AB-9943-25737971BF57}.Release|Mixed Platforms.Build.0 = Release|Any CPU
		{5D4AD9BE-1FFB-41AB-9943-25737971BF57}.Release|x86.ActiveCfg = Release|Any CPU
		{5D4AD9BE-1FFB-41AB-9943-25737971BF57}.Release|x86.Build.0 = Release|Any CPU
		{DE63DB10-975F-460D-AF85-572C17A91284}.Debug|Any CPU.ActiveCfg = Debug|Any CPU
		{DE63DB10-975F-460D-AF85-572C17A91284}.Debug|Any CPU.Build.0 = Debug|Any CPU
		{DE63DB10-975F-460D-AF85-572C17A91284}.Debug|Mixed Platforms.ActiveCfg = Debug|Any CPU
		{DE63DB10-975F-460D-AF85-572C17A91284}.Debug|Mixed Platforms.Build.0 = Debug|Any CPU
		{DE63DB10-975F-460D-AF85-572C17A91284}.Debug|x86.ActiveCfg = Debug|Any CPU
		{DE63DB10-975F-460D-AF85-572C17A91284}.Debug|x86.Build.0 = Debug|Any CPU
		{DE63DB10-975F-460D-AF85-572C17A91284}.Release|Any CPU.ActiveCfg = Release|Any CPU
		{DE63DB10-975F-460D-AF85-572C17A91284}.Release|Any CPU.Build.0 = Release|Any CPU
		{DE63DB10-975F-460D-AF85-572C17A91284}.Release|Mixed Platforms.ActiveCfg = Release|Any CPU
		{DE63DB10-975F-460D-AF85-572C17A91284}.Release|Mixed Platforms.Build.0 = Release|Any CPU
		{DE63DB10-975F-460D-AF85-572C17A91284}.Release|x86.ActiveCfg = Release|Any CPU
		{B2C0D749-CE34-4F62-A15E-00CB2FF5DDB3}.Debug|Any CPU.ActiveCfg = Debug|Any CPU
		{B2C0D749-CE34-4F62-A15E-00CB2FF5DDB3}.Debug|Any CPU.Build.0 = Debug|Any CPU
		{B2C0D749-CE34-4F62-A15E-00CB2FF5DDB3}.Debug|Mixed Platforms.ActiveCfg = Debug|Any CPU
		{B2C0D749-CE34-4F62-A15E-00CB2FF5DDB3}.Debug|Mixed Platforms.Build.0 = Debug|Any CPU
		{B2C0D749-CE34-4F62-A15E-00CB2FF5DDB3}.Debug|x86.ActiveCfg = Debug|Any CPU
		{B2C0D749-CE34-4F62-A15E-00CB2FF5DDB3}.Release|Any CPU.ActiveCfg = Release|Any CPU
		{B2C0D749-CE34-4F62-A15E-00CB2FF5DDB3}.Release|Any CPU.Build.0 = Release|Any CPU
		{B2C0D749-CE34-4F62-A15E-00CB2FF5DDB3}.Release|Mixed Platforms.ActiveCfg = Release|Any CPU
		{B2C0D749-CE34-4F62-A15E-00CB2FF5DDB3}.Release|Mixed Platforms.Build.0 = Release|Any CPU
		{B2C0D749-CE34-4F62-A15E-00CB2FF5DDB3}.Release|x86.ActiveCfg = Release|Any CPU
		{69D7956C-C2CC-4708-B399-A188FEC384C4}.Debug|Any CPU.ActiveCfg = Debug|Any CPU
		{69D7956C-C2CC-4708-B399-A188FEC384C4}.Debug|Any CPU.Build.0 = Debug|Any CPU
		{69D7956C-C2CC-4708-B399-A188FEC384C4}.Debug|Mixed Platforms.ActiveCfg = Debug|Any CPU
		{69D7956C-C2CC-4708-B399-A188FEC384C4}.Debug|Mixed Platforms.Build.0 = Debug|Any CPU
		{69D7956C-C2CC-4708-B399-A188FEC384C4}.Debug|x86.ActiveCfg = Debug|Any CPU
		{69D7956C-C2CC-4708-B399-A188FEC384C4}.Release|Any CPU.ActiveCfg = Release|Any CPU
		{69D7956C-C2CC-4708-B399-A188FEC384C4}.Release|Any CPU.Build.0 = Release|Any CPU
		{69D7956C-C2CC-4708-B399-A188FEC384C4}.Release|Mixed Platforms.ActiveCfg = Release|Any CPU
		{69D7956C-C2CC-4708-B399-A188FEC384C4}.Release|Mixed Platforms.Build.0 = Release|Any CPU
		{69D7956C-C2CC-4708-B399-A188FEC384C4}.Release|x86.ActiveCfg = Release|Any CPU
		{48F7884A-9454-4E88-8413-9D35992CB440}.Debug|Any CPU.ActiveCfg = Debug|Any CPU
		{48F7884A-9454-4E88-8413-9D35992CB440}.Debug|Any CPU.Build.0 = Debug|Any CPU
		{48F7884A-9454-4E88-8413-9D35992CB440}.Debug|Mixed Platforms.ActiveCfg = Debug|Any CPU
		{48F7884A-9454-4E88-8413-9D35992CB440}.Debug|Mixed Platforms.Build.0 = Debug|Any CPU
		{48F7884A-9454-4E88-8413-9D35992CB440}.Debug|x86.ActiveCfg = Debug|Any CPU
		{48F7884A-9454-4E88-8413-9D35992CB440}.Release|Any CPU.ActiveCfg = Release|Any CPU
		{48F7884A-9454-4E88-8413-9D35992CB440}.Release|Any CPU.Build.0 = Release|Any CPU
		{48F7884A-9454-4E88-8413-9D35992CB440}.Release|Mixed Platforms.ActiveCfg = Release|Any CPU
		{48F7884A-9454-4E88-8413-9D35992CB440}.Release|Mixed Platforms.Build.0 = Release|Any CPU
		{48F7884A-9454-4E88-8413-9D35992CB440}.Release|x86.ActiveCfg = Release|Any CPU
		{4D77E491-F50F-4A0C-9BD9-F9AB655720AD}.Debug|Any CPU.ActiveCfg = Debug|Any CPU
		{4D77E491-F50F-4A0C-9BD9-F9AB655720AD}.Debug|Any CPU.Build.0 = Debug|Any CPU
		{4D77E491-F50F-4A0C-9BD9-F9AB655720AD}.Debug|Mixed Platforms.ActiveCfg = Debug|Any CPU
		{4D77E491-F50F-4A0C-9BD9-F9AB655720AD}.Debug|Mixed Platforms.Build.0 = Debug|Any CPU
		{4D77E491-F50F-4A0C-9BD9-F9AB655720AD}.Debug|x86.ActiveCfg = Debug|Any CPU
		{4D77E491-F50F-4A0C-9BD9-F9AB655720AD}.Release|Any CPU.ActiveCfg = Release|Any CPU
		{4D77E491-F50F-4A0C-9BD9-F9AB655720AD}.Release|Any CPU.Build.0 = Release|Any CPU
		{4D77E491-F50F-4A0C-9BD9-F9AB655720AD}.Release|Mixed Platforms.ActiveCfg = Release|Any CPU
		{4D77E491-F50F-4A0C-9BD9-F9AB655720AD}.Release|Mixed Platforms.Build.0 = Release|Any CPU
		{4D77E491-F50F-4A0C-9BD9-F9AB655720AD}.Release|x86.ActiveCfg = Release|Any CPU
		{E067B8BB-D8E7-4040-BEB8-EFF8BB4149BD}.Debug|Any CPU.ActiveCfg = Debug|Any CPU
		{E067B8BB-D8E7-4040-BEB8-EFF8BB4149BD}.Debug|Any CPU.Build.0 = Debug|Any CPU
		{E067B8BB-D8E7-4040-BEB8-EFF8BB4149BD}.Debug|Mixed Platforms.ActiveCfg = Debug|Any CPU
		{E067B8BB-D8E7-4040-BEB8-EFF8BB4149BD}.Debug|Mixed Platforms.Build.0 = Debug|Any CPU
		{E067B8BB-D8E7-4040-BEB8-EFF8BB4149BD}.Debug|x86.ActiveCfg = Debug|Any CPU
		{E067B8BB-D8E7-4040-BEB8-EFF8BB4149BD}.Release|Any CPU.ActiveCfg = Release|Any CPU
		{E067B8BB-D8E7-4040-BEB8-EFF8BB4149BD}.Release|Any CPU.Build.0 = Release|Any CPU
		{E067B8BB-D8E7-4040-BEB8-EFF8BB4149BD}.Release|Mixed Platforms.ActiveCfg = Release|Any CPU
		{E067B8BB-D8E7-4040-BEB8-EFF8BB4149BD}.Release|Mixed Platforms.Build.0 = Release|Any CPU
		{E067B8BB-D8E7-4040-BEB8-EFF8BB4149BD}.Release|x86.ActiveCfg = Release|Any CPU
		{866723F4-E3A4-47C5-A49F-9A68ADD4CFAE}.Debug|Any CPU.ActiveCfg = Debug|Any CPU
		{866723F4-E3A4-47C5-A49F-9A68ADD4CFAE}.Debug|Any CPU.Build.0 = Debug|Any CPU
		{866723F4-E3A4-47C5-A49F-9A68ADD4CFAE}.Debug|Mixed Platforms.ActiveCfg = Debug|Any CPU
		{866723F4-E3A4-47C5-A49F-9A68ADD4CFAE}.Debug|Mixed Platforms.Build.0 = Debug|Any CPU
		{866723F4-E3A4-47C5-A49F-9A68ADD4CFAE}.Debug|x86.ActiveCfg = Debug|Any CPU
		{866723F4-E3A4-47C5-A49F-9A68ADD4CFAE}.Release|Any CPU.ActiveCfg = Release|Any CPU
		{866723F4-E3A4-47C5-A49F-9A68ADD4CFAE}.Release|Any CPU.Build.0 = Release|Any CPU
		{866723F4-E3A4-47C5-A49F-9A68ADD4CFAE}.Release|Mixed Platforms.ActiveCfg = Release|Any CPU
		{866723F4-E3A4-47C5-A49F-9A68ADD4CFAE}.Release|Mixed Platforms.Build.0 = Release|Any CPU
		{866723F4-E3A4-47C5-A49F-9A68ADD4CFAE}.Release|x86.ActiveCfg = Release|Any CPU
		{DC83004C-183A-4E1A-ABEA-4FE95B4BC079}.Debug|Any CPU.ActiveCfg = Debug|Any CPU
		{DC83004C-183A-4E1A-ABEA-4FE95B4BC079}.Debug|Any CPU.Build.0 = Debug|Any CPU
		{DC83004C-183A-4E1A-ABEA-4FE95B4BC079}.Debug|Mixed Platforms.ActiveCfg = Debug|Any CPU
		{DC83004C-183A-4E1A-ABEA-4FE95B4BC079}.Debug|Mixed Platforms.Build.0 = Debug|Any CPU
		{DC83004C-183A-4E1A-ABEA-4FE95B4BC079}.Debug|x86.ActiveCfg = Debug|Any CPU
		{DC83004C-183A-4E1A-ABEA-4FE95B4BC079}.Release|Any CPU.ActiveCfg = Release|Any CPU
		{DC83004C-183A-4E1A-ABEA-4FE95B4BC079}.Release|Any CPU.Build.0 = Release|Any CPU
		{DC83004C-183A-4E1A-ABEA-4FE95B4BC079}.Release|Mixed Platforms.ActiveCfg = Release|Any CPU
		{DC83004C-183A-4E1A-ABEA-4FE95B4BC079}.Release|Mixed Platforms.Build.0 = Release|Any CPU
		{DC83004C-183A-4E1A-ABEA-4FE95B4BC079}.Release|x86.ActiveCfg = Release|Any CPU
		{F4873D95-4300-4E83-AFFA-EF796495D0F0}.Debug|Any CPU.ActiveCfg = Debug|Any CPU
		{F4873D95-4300-4E83-AFFA-EF796495D0F0}.Debug|Any CPU.Build.0 = Debug|Any CPU
		{F4873D95-4300-4E83-AFFA-EF796495D0F0}.Debug|Mixed Platforms.ActiveCfg = Debug|Any CPU
		{F4873D95-4300-4E83-AFFA-EF796495D0F0}.Debug|Mixed Platforms.Build.0 = Debug|Any CPU
		{F4873D95-4300-4E83-AFFA-EF796495D0F0}.Debug|x86.ActiveCfg = Debug|Any CPU
		{F4873D95-4300-4E83-AFFA-EF796495D0F0}.Release|Any CPU.ActiveCfg = Release|Any CPU
		{F4873D95-4300-4E83-AFFA-EF796495D0F0}.Release|Any CPU.Build.0 = Release|Any CPU
		{F4873D95-4300-4E83-AFFA-EF796495D0F0}.Release|Mixed Platforms.ActiveCfg = Release|Any CPU
		{F4873D95-4300-4E83-AFFA-EF796495D0F0}.Release|Mixed Platforms.Build.0 = Release|Any CPU
		{F4873D95-4300-4E83-AFFA-EF796495D0F0}.Release|x86.ActiveCfg = Release|Any CPU
		{D7276EA2-71BE-4208-889B-B1BD48DBE023}.Debug|Any CPU.ActiveCfg = Debug|Any CPU
		{D7276EA2-71BE-4208-889B-B1BD48DBE023}.Debug|Any CPU.Build.0 = Debug|Any CPU
		{D7276EA2-71BE-4208-889B-B1BD48DBE023}.Debug|Mixed Platforms.ActiveCfg = Debug|Any CPU
		{D7276EA2-71BE-4208-889B-B1BD48DBE023}.Debug|Mixed Platforms.Build.0 = Debug|Any CPU
		{D7276EA2-71BE-4208-889B-B1BD48DBE023}.Debug|x86.ActiveCfg = Debug|Any CPU
		{D7276EA2-71BE-4208-889B-B1BD48DBE023}.Release|Any CPU.ActiveCfg = Release|Any CPU
		{D7276EA2-71BE-4208-889B-B1BD48DBE023}.Release|Any CPU.Build.0 = Release|Any CPU
		{D7276EA2-71BE-4208-889B-B1BD48DBE023}.Release|Mixed Platforms.ActiveCfg = Release|Any CPU
		{D7276EA2-71BE-4208-889B-B1BD48DBE023}.Release|Mixed Platforms.Build.0 = Release|Any CPU
		{D7276EA2-71BE-4208-889B-B1BD48DBE023}.Release|x86.ActiveCfg = Release|Any CPU
		{3F79B6D4-4359-4F83-B64F-07F4F6262425}.Debug|Any CPU.ActiveCfg = Debug|Any CPU
		{3F79B6D4-4359-4F83-B64F-07F4F6262425}.Debug|Any CPU.Build.0 = Debug|Any CPU
		{3F79B6D4-4359-4F83-B64F-07F4F6262425}.Debug|Mixed Platforms.ActiveCfg = Debug|Any CPU
		{3F79B6D4-4359-4F83-B64F-07F4F6262425}.Debug|Mixed Platforms.Build.0 = Debug|Any CPU
		{3F79B6D4-4359-4F83-B64F-07F4F6262425}.Debug|x86.ActiveCfg = Debug|Any CPU
		{3F79B6D4-4359-4F83-B64F-07F4F6262425}.Release|Any CPU.ActiveCfg = Release|Any CPU
		{3F79B6D4-4359-4F83-B64F-07F4F6262425}.Release|Any CPU.Build.0 = Release|Any CPU
		{3F79B6D4-4359-4F83-B64F-07F4F6262425}.Release|Mixed Platforms.ActiveCfg = Release|Any CPU
		{3F79B6D4-4359-4F83-B64F-07F4F6262425}.Release|Mixed Platforms.Build.0 = Release|Any CPU
		{3F79B6D4-4359-4F83-B64F-07F4F6262425}.Release|x86.ActiveCfg = Release|Any CPU
		{E8A339C7-FCF6-4A72-8586-56D8961D7B99}.Debug|Any CPU.ActiveCfg = Debug|Any CPU
		{E8A339C7-FCF6-4A72-8586-56D8961D7B99}.Debug|Any CPU.Build.0 = Debug|Any CPU
		{E8A339C7-FCF6-4A72-8586-56D8961D7B99}.Debug|Mixed Platforms.ActiveCfg = Debug|Any CPU
		{E8A339C7-FCF6-4A72-8586-56D8961D7B99}.Debug|Mixed Platforms.Build.0 = Debug|Any CPU
		{E8A339C7-FCF6-4A72-8586-56D8961D7B99}.Debug|x86.ActiveCfg = Debug|Any CPU
		{E8A339C7-FCF6-4A72-8586-56D8961D7B99}.Debug|x86.Build.0 = Debug|Any CPU
		{E8A339C7-FCF6-4A72-8586-56D8961D7B99}.Release|Any CPU.ActiveCfg = Release|Any CPU
		{E8A339C7-FCF6-4A72-8586-56D8961D7B99}.Release|Any CPU.Build.0 = Release|Any CPU
		{E8A339C7-FCF6-4A72-8586-56D8961D7B99}.Release|Mixed Platforms.ActiveCfg = Release|Any CPU
		{E8A339C7-FCF6-4A72-8586-56D8961D7B99}.Release|Mixed Platforms.Build.0 = Release|Any CPU
		{E8A339C7-FCF6-4A72-8586-56D8961D7B99}.Release|x86.ActiveCfg = Release|Any CPU
		{E8A339C7-FCF6-4A72-8586-56D8961D7B99}.Release|x86.Build.0 = Release|Any CPU
		{02BAB603-067D-48B1-AEDD-316849652568}.Debug|Any CPU.ActiveCfg = Debug|Any CPU
		{02BAB603-067D-48B1-AEDD-316849652568}.Debug|Any CPU.Build.0 = Debug|Any CPU
		{02BAB603-067D-48B1-AEDD-316849652568}.Debug|Mixed Platforms.ActiveCfg = Debug|Any CPU
		{02BAB603-067D-48B1-AEDD-316849652568}.Debug|Mixed Platforms.Build.0 = Debug|Any CPU
		{02BAB603-067D-48B1-AEDD-316849652568}.Debug|x86.ActiveCfg = Debug|Any CPU
		{02BAB603-067D-48B1-AEDD-316849652568}.Debug|x86.Build.0 = Debug|Any CPU
		{02BAB603-067D-48B1-AEDD-316849652568}.Release|Any CPU.ActiveCfg = Release|Any CPU
		{02BAB603-067D-48B1-AEDD-316849652568}.Release|Any CPU.Build.0 = Release|Any CPU
		{02BAB603-067D-48B1-AEDD-316849652568}.Release|Mixed Platforms.ActiveCfg = Release|Any CPU
		{02BAB603-067D-48B1-AEDD-316849652568}.Release|Mixed Platforms.Build.0 = Release|Any CPU
		{02BAB603-067D-48B1-AEDD-316849652568}.Release|x86.ActiveCfg = Release|Any CPU
		{02BAB603-067D-48B1-AEDD-316849652568}.Release|x86.Build.0 = Release|Any CPU
		{4C1B794F-8158-45E6-85B3-2C46569BEBC2}.Debug|Any CPU.ActiveCfg = Debug|Any CPU
		{4C1B794F-8158-45E6-85B3-2C46569BEBC2}.Debug|Any CPU.Build.0 = Debug|Any CPU
		{4C1B794F-8158-45E6-85B3-2C46569BEBC2}.Debug|Mixed Platforms.ActiveCfg = Debug|Any CPU
		{4C1B794F-8158-45E6-85B3-2C46569BEBC2}.Debug|Mixed Platforms.Build.0 = Debug|Any CPU
		{4C1B794F-8158-45E6-85B3-2C46569BEBC2}.Debug|x86.ActiveCfg = Debug|Any CPU
		{4C1B794F-8158-45E6-85B3-2C46569BEBC2}.Debug|x86.Build.0 = Debug|Any CPU
		{4C1B794F-8158-45E6-85B3-2C46569BEBC2}.Release|Any CPU.ActiveCfg = Release|Any CPU
		{4C1B794F-8158-45E6-85B3-2C46569BEBC2}.Release|Any CPU.Build.0 = Release|Any CPU
		{4C1B794F-8158-45E6-85B3-2C46569BEBC2}.Release|Mixed Platforms.ActiveCfg = Release|Any CPU
		{4C1B794F-8158-45E6-85B3-2C46569BEBC2}.Release|Mixed Platforms.Build.0 = Release|Any CPU
		{4C1B794F-8158-45E6-85B3-2C46569BEBC2}.Release|x86.ActiveCfg = Release|Any CPU
		{4C1B794F-8158-45E6-85B3-2C46569BEBC2}.Release|x86.Build.0 = Release|Any CPU
		{4ADD0BBC-B900-4715-9526-D871DE8EEA64}.Debug|Any CPU.ActiveCfg = Debug|Any CPU
		{4ADD0BBC-B900-4715-9526-D871DE8EEA64}.Debug|Any CPU.Build.0 = Debug|Any CPU
		{4ADD0BBC-B900-4715-9526-D871DE8EEA64}.Debug|Mixed Platforms.ActiveCfg = Debug|Any CPU
		{4ADD0BBC-B900-4715-9526-D871DE8EEA64}.Debug|Mixed Platforms.Build.0 = Debug|Any CPU
		{4ADD0BBC-B900-4715-9526-D871DE8EEA64}.Debug|x86.ActiveCfg = Debug|Any CPU
		{4ADD0BBC-B900-4715-9526-D871DE8EEA64}.Release|Any CPU.ActiveCfg = Release|Any CPU
		{4ADD0BBC-B900-4715-9526-D871DE8EEA64}.Release|Any CPU.Build.0 = Release|Any CPU
		{4ADD0BBC-B900-4715-9526-D871DE8EEA64}.Release|Mixed Platforms.ActiveCfg = Release|Any CPU
		{4ADD0BBC-B900-4715-9526-D871DE8EEA64}.Release|Mixed Platforms.Build.0 = Release|Any CPU
		{4ADD0BBC-B900-4715-9526-D871DE8EEA64}.Release|x86.ActiveCfg = Release|Any CPU
		{C54FE8FA-7986-4C94-B872-D5BFF7C6C74E}.Debug|Any CPU.ActiveCfg = Debug|Any CPU
		{C54FE8FA-7986-4C94-B872-D5BFF7C6C74E}.Debug|Any CPU.Build.0 = Debug|Any CPU
		{C54FE8FA-7986-4C94-B872-D5BFF7C6C74E}.Debug|Mixed Platforms.ActiveCfg = Debug|Any CPU
		{C54FE8FA-7986-4C94-B872-D5BFF7C6C74E}.Debug|Mixed Platforms.Build.0 = Debug|Any CPU
		{C54FE8FA-7986-4C94-B872-D5BFF7C6C74E}.Debug|x86.ActiveCfg = Debug|Any CPU
		{C54FE8FA-7986-4C94-B872-D5BFF7C6C74E}.Release|Any CPU.ActiveCfg = Release|Any CPU
		{C54FE8FA-7986-4C94-B872-D5BFF7C6C74E}.Release|Any CPU.Build.0 = Release|Any CPU
		{C54FE8FA-7986-4C94-B872-D5BFF7C6C74E}.Release|Mixed Platforms.ActiveCfg = Release|Any CPU
		{C54FE8FA-7986-4C94-B872-D5BFF7C6C74E}.Release|Mixed Platforms.Build.0 = Release|Any CPU
		{C54FE8FA-7986-4C94-B872-D5BFF7C6C74E}.Release|x86.ActiveCfg = Release|Any CPU
		{351B75B1-BBD5-4E32-8036-7BED4E0135A6}.Debug|Any CPU.ActiveCfg = Debug|Any CPU
		{351B75B1-BBD5-4E32-8036-7BED4E0135A6}.Debug|Any CPU.Build.0 = Debug|Any CPU
		{351B75B1-BBD5-4E32-8036-7BED4E0135A6}.Debug|Mixed Platforms.ActiveCfg = Debug|Any CPU
		{351B75B1-BBD5-4E32-8036-7BED4E0135A6}.Debug|Mixed Platforms.Build.0 = Debug|Any CPU
		{351B75B1-BBD5-4E32-8036-7BED4E0135A6}.Debug|x86.ActiveCfg = Debug|Any CPU
		{351B75B1-BBD5-4E32-8036-7BED4E0135A6}.Debug|x86.Build.0 = Debug|Any CPU
		{351B75B1-BBD5-4E32-8036-7BED4E0135A6}.Release|Any CPU.ActiveCfg = Release|Any CPU
		{351B75B1-BBD5-4E32-8036-7BED4E0135A6}.Release|Any CPU.Build.0 = Release|Any CPU
		{351B75B1-BBD5-4E32-8036-7BED4E0135A6}.Release|Mixed Platforms.ActiveCfg = Release|Any CPU
		{351B75B1-BBD5-4E32-8036-7BED4E0135A6}.Release|Mixed Platforms.Build.0 = Release|Any CPU
		{351B75B1-BBD5-4E32-8036-7BED4E0135A6}.Release|x86.ActiveCfg = Release|Any CPU
		{351B75B1-BBD5-4E32-8036-7BED4E0135A6}.Release|x86.Build.0 = Release|Any CPU
		{949BA34B-6AE6-4CE3-B578-61E13E4D76BF}.Debug|Any CPU.ActiveCfg = Debug|Any CPU
		{949BA34B-6AE6-4CE3-B578-61E13E4D76BF}.Debug|Any CPU.Build.0 = Debug|Any CPU
		{949BA34B-6AE6-4CE3-B578-61E13E4D76BF}.Debug|Mixed Platforms.ActiveCfg = Debug|Any CPU
		{949BA34B-6AE6-4CE3-B578-61E13E4D76BF}.Debug|Mixed Platforms.Build.0 = Debug|Any CPU
		{949BA34B-6AE6-4CE3-B578-61E13E4D76BF}.Debug|x86.ActiveCfg = Debug|Any CPU
		{949BA34B-6AE6-4CE3-B578-61E13E4D76BF}.Release|Any CPU.ActiveCfg = Release|Any CPU
		{949BA34B-6AE6-4CE3-B578-61E13E4D76BF}.Release|Any CPU.Build.0 = Release|Any CPU
		{949BA34B-6AE6-4CE3-B578-61E13E4D76BF}.Release|Mixed Platforms.ActiveCfg = Release|Any CPU
		{949BA34B-6AE6-4CE3-B578-61E13E4D76BF}.Release|Mixed Platforms.Build.0 = Release|Any CPU
		{949BA34B-6AE6-4CE3-B578-61E13E4D76BF}.Release|x86.ActiveCfg = Release|Any CPU
		{5719FB4F-BF80-40E5-BACC-37E8E18FCA2E}.Debug|Any CPU.ActiveCfg = Debug|Any CPU
		{5719FB4F-BF80-40E5-BACC-37E8E18FCA2E}.Debug|Any CPU.Build.0 = Debug|Any CPU
		{5719FB4F-BF80-40E5-BACC-37E8E18FCA2E}.Debug|Mixed Platforms.ActiveCfg = Debug|Any CPU
		{5719FB4F-BF80-40E5-BACC-37E8E18FCA2E}.Debug|Mixed Platforms.Build.0 = Debug|Any CPU
		{5719FB4F-BF80-40E5-BACC-37E8E18FCA2E}.Debug|x86.ActiveCfg = Debug|Any CPU
		{5719FB4F-BF80-40E5-BACC-37E8E18FCA2E}.Release|Any CPU.ActiveCfg = Release|Any CPU
		{5719FB4F-BF80-40E5-BACC-37E8E18FCA2E}.Release|Any CPU.Build.0 = Release|Any CPU
		{5719FB4F-BF80-40E5-BACC-37E8E18FCA2E}.Release|Mixed Platforms.ActiveCfg = Release|Any CPU
		{5719FB4F-BF80-40E5-BACC-37E8E18FCA2E}.Release|Mixed Platforms.Build.0 = Release|Any CPU
		{5719FB4F-BF80-40E5-BACC-37E8E18FCA2E}.Release|x86.ActiveCfg = Release|Any CPU
		{A3A0D943-B91A-4B7A-9FCB-6160EA575D95}.Debug|Any CPU.ActiveCfg = Debug|Any CPU
		{A3A0D943-B91A-4B7A-9FCB-6160EA575D95}.Debug|Any CPU.Build.0 = Debug|Any CPU
		{A3A0D943-B91A-4B7A-9FCB-6160EA575D95}.Debug|Mixed Platforms.ActiveCfg = Debug|Any CPU
		{A3A0D943-B91A-4B7A-9FCB-6160EA575D95}.Debug|Mixed Platforms.Build.0 = Debug|Any CPU
		{A3A0D943-B91A-4B7A-9FCB-6160EA575D95}.Debug|x86.ActiveCfg = Debug|Any CPU
		{A3A0D943-B91A-4B7A-9FCB-6160EA575D95}.Debug|x86.Build.0 = Debug|Any CPU
		{A3A0D943-B91A-4B7A-9FCB-6160EA575D95}.Release|Any CPU.ActiveCfg = Release|Any CPU
		{A3A0D943-B91A-4B7A-9FCB-6160EA575D95}.Release|Any CPU.Build.0 = Release|Any CPU
		{A3A0D943-B91A-4B7A-9FCB-6160EA575D95}.Release|Mixed Platforms.ActiveCfg = Release|Any CPU
		{A3A0D943-B91A-4B7A-9FCB-6160EA575D95}.Release|Mixed Platforms.Build.0 = Release|Any CPU
		{A3A0D943-B91A-4B7A-9FCB-6160EA575D95}.Release|x86.ActiveCfg = Release|Any CPU
		{A3A0D943-B91A-4B7A-9FCB-6160EA575D95}.Release|x86.Build.0 = Release|Any CPU
		{7895E023-EB91-401C-B2B3-754EEC42134B}.Debug|Any CPU.ActiveCfg = Debug|Any CPU
		{7895E023-EB91-401C-B2B3-754EEC42134B}.Debug|Any CPU.Build.0 = Debug|Any CPU
		{7895E023-EB91-401C-B2B3-754EEC42134B}.Debug|Mixed Platforms.ActiveCfg = Debug|Any CPU
		{7895E023-EB91-401C-B2B3-754EEC42134B}.Debug|Mixed Platforms.Build.0 = Debug|Any CPU
		{7895E023-EB91-401C-B2B3-754EEC42134B}.Debug|x86.ActiveCfg = Debug|Any CPU
		{7895E023-EB91-401C-B2B3-754EEC42134B}.Debug|x86.Build.0 = Debug|Any CPU
		{7895E023-EB91-401C-B2B3-754EEC42134B}.Release|Any CPU.ActiveCfg = Release|Any CPU
		{7895E023-EB91-401C-B2B3-754EEC42134B}.Release|Any CPU.Build.0 = Release|Any CPU
		{7895E023-EB91-401C-B2B3-754EEC42134B}.Release|Mixed Platforms.ActiveCfg = Release|Any CPU
		{7895E023-EB91-401C-B2B3-754EEC42134B}.Release|Mixed Platforms.Build.0 = Release|Any CPU
		{7895E023-EB91-401C-B2B3-754EEC42134B}.Release|x86.ActiveCfg = Release|Any CPU
		{7895E023-EB91-401C-B2B3-754EEC42134B}.Release|x86.Build.0 = Release|Any CPU
		{FBD2EB4D-EAC9-409C-A23D-64D27DF23576}.Debug|Any CPU.ActiveCfg = Debug|Any CPU
		{FBD2EB4D-EAC9-409C-A23D-64D27DF23576}.Debug|Any CPU.Build.0 = Debug|Any CPU
		{FBD2EB4D-EAC9-409C-A23D-64D27DF23576}.Debug|Mixed Platforms.ActiveCfg = Debug|Any CPU
		{FBD2EB4D-EAC9-409C-A23D-64D27DF23576}.Debug|Mixed Platforms.Build.0 = Debug|Any CPU
		{FBD2EB4D-EAC9-409C-A23D-64D27DF23576}.Debug|x86.ActiveCfg = Debug|Any CPU
		{FBD2EB4D-EAC9-409C-A23D-64D27DF23576}.Debug|x86.Build.0 = Debug|Any CPU
		{FBD2EB4D-EAC9-409C-A23D-64D27DF23576}.Release|Any CPU.ActiveCfg = Release|Any CPU
		{FBD2EB4D-EAC9-409C-A23D-64D27DF23576}.Release|Any CPU.Build.0 = Release|Any CPU
		{FBD2EB4D-EAC9-409C-A23D-64D27DF23576}.Release|Mixed Platforms.ActiveCfg = Release|Any CPU
		{FBD2EB4D-EAC9-409C-A23D-64D27DF23576}.Release|Mixed Platforms.Build.0 = Release|Any CPU
		{FBD2EB4D-EAC9-409C-A23D-64D27DF23576}.Release|x86.ActiveCfg = Release|Any CPU
		{FBD2EB4D-EAC9-409C-A23D-64D27DF23576}.Release|x86.Build.0 = Release|Any CPU
		{A6511598-3008-4A3B-AE68-2D1DA792CA8A}.Debug|Any CPU.ActiveCfg = Debug|Any CPU
		{A6511598-3008-4A3B-AE68-2D1DA792CA8A}.Debug|Any CPU.Build.0 = Debug|Any CPU
		{A6511598-3008-4A3B-AE68-2D1DA792CA8A}.Debug|Mixed Platforms.ActiveCfg = Debug|Any CPU
		{A6511598-3008-4A3B-AE68-2D1DA792CA8A}.Debug|Mixed Platforms.Build.0 = Debug|Any CPU
		{A6511598-3008-4A3B-AE68-2D1DA792CA8A}.Debug|x86.ActiveCfg = Debug|Any CPU
		{A6511598-3008-4A3B-AE68-2D1DA792CA8A}.Debug|x86.Build.0 = Debug|Any CPU
		{A6511598-3008-4A3B-AE68-2D1DA792CA8A}.Release|Any CPU.ActiveCfg = Release|Any CPU
		{A6511598-3008-4A3B-AE68-2D1DA792CA8A}.Release|Any CPU.Build.0 = Release|Any CPU
		{A6511598-3008-4A3B-AE68-2D1DA792CA8A}.Release|Mixed Platforms.ActiveCfg = Release|Any CPU
		{A6511598-3008-4A3B-AE68-2D1DA792CA8A}.Release|Mixed Platforms.Build.0 = Release|Any CPU
		{A6511598-3008-4A3B-AE68-2D1DA792CA8A}.Release|x86.ActiveCfg = Release|Any CPU
		{A6511598-3008-4A3B-AE68-2D1DA792CA8A}.Release|x86.Build.0 = Release|Any CPU
		{42ECF239-AFC1-427D-921E-B5A277809CF0}.Debug|Any CPU.ActiveCfg = Debug|Any CPU
		{42ECF239-AFC1-427D-921E-B5A277809CF0}.Debug|Any CPU.Build.0 = Debug|Any CPU
		{42ECF239-AFC1-427D-921E-B5A277809CF0}.Debug|Mixed Platforms.ActiveCfg = Debug|Any CPU
		{42ECF239-AFC1-427D-921E-B5A277809CF0}.Debug|Mixed Platforms.Build.0 = Debug|Any CPU
		{42ECF239-AFC1-427D-921E-B5A277809CF0}.Debug|x86.ActiveCfg = Debug|Any CPU
		{42ECF239-AFC1-427D-921E-B5A277809CF0}.Debug|x86.Build.0 = Debug|Any CPU
		{42ECF239-AFC1-427D-921E-B5A277809CF0}.Release|Any CPU.ActiveCfg = Release|Any CPU
		{42ECF239-AFC1-427D-921E-B5A277809CF0}.Release|Any CPU.Build.0 = Release|Any CPU
		{42ECF239-AFC1-427D-921E-B5A277809CF0}.Release|Mixed Platforms.ActiveCfg = Release|Any CPU
		{42ECF239-AFC1-427D-921E-B5A277809CF0}.Release|Mixed Platforms.Build.0 = Release|Any CPU
		{42ECF239-AFC1-427D-921E-B5A277809CF0}.Release|x86.ActiveCfg = Release|Any CPU
		{42ECF239-AFC1-427D-921E-B5A277809CF0}.Release|x86.Build.0 = Release|Any CPU
		{7F9378BF-C88D-46FF-9AE8-5E7D8C0225D3}.Debug|Any CPU.ActiveCfg = Debug|Any CPU
		{7F9378BF-C88D-46FF-9AE8-5E7D8C0225D3}.Debug|Any CPU.Build.0 = Debug|Any CPU
		{7F9378BF-C88D-46FF-9AE8-5E7D8C0225D3}.Debug|Mixed Platforms.ActiveCfg = Debug|Any CPU
		{7F9378BF-C88D-46FF-9AE8-5E7D8C0225D3}.Debug|Mixed Platforms.Build.0 = Debug|Any CPU
		{7F9378BF-C88D-46FF-9AE8-5E7D8C0225D3}.Debug|x86.ActiveCfg = Debug|Any CPU
		{7F9378BF-C88D-46FF-9AE8-5E7D8C0225D3}.Debug|x86.Build.0 = Debug|Any CPU
		{7F9378BF-C88D-46FF-9AE8-5E7D8C0225D3}.Release|Any CPU.ActiveCfg = Release|Any CPU
		{7F9378BF-C88D-46FF-9AE8-5E7D8C0225D3}.Release|Any CPU.Build.0 = Release|Any CPU
		{7F9378BF-C88D-46FF-9AE8-5E7D8C0225D3}.Release|Mixed Platforms.ActiveCfg = Release|Any CPU
		{7F9378BF-C88D-46FF-9AE8-5E7D8C0225D3}.Release|Mixed Platforms.Build.0 = Release|Any CPU
		{7F9378BF-C88D-46FF-9AE8-5E7D8C0225D3}.Release|x86.ActiveCfg = Release|Any CPU
		{7F9378BF-C88D-46FF-9AE8-5E7D8C0225D3}.Release|x86.Build.0 = Release|Any CPU
		{A76DAD88-E3A5-40F9-9114-FACD77BD8265}.Debug|Any CPU.ActiveCfg = Debug|Any CPU
		{A76DAD88-E3A5-40F9-9114-FACD77BD8265}.Debug|Any CPU.Build.0 = Debug|Any CPU
		{A76DAD88-E3A5-40F9-9114-FACD77BD8265}.Debug|Mixed Platforms.ActiveCfg = Debug|Any CPU
		{A76DAD88-E3A5-40F9-9114-FACD77BD8265}.Debug|Mixed Platforms.Build.0 = Debug|Any CPU
		{A76DAD88-E3A5-40F9-9114-FACD77BD8265}.Debug|x86.ActiveCfg = Debug|Any CPU
		{A76DAD88-E3A5-40F9-9114-FACD77BD8265}.Debug|x86.Build.0 = Debug|Any CPU
		{A76DAD88-E3A5-40F9-9114-FACD77BD8265}.Release|Any CPU.ActiveCfg = Release|Any CPU
		{A76DAD88-E3A5-40F9-9114-FACD77BD8265}.Release|Any CPU.Build.0 = Release|Any CPU
		{A76DAD88-E3A5-40F9-9114-FACD77BD8265}.Release|Mixed Platforms.ActiveCfg = Release|Any CPU
		{A76DAD88-E3A5-40F9-9114-FACD77BD8265}.Release|Mixed Platforms.Build.0 = Release|Any CPU
		{A76DAD88-E3A5-40F9-9114-FACD77BD8265}.Release|x86.ActiveCfg = Release|Any CPU
		{A76DAD88-E3A5-40F9-9114-FACD77BD8265}.Release|x86.Build.0 = Release|Any CPU
		{940A6AB1-F00A-40E2-BC1A-2898EFA8C48F}.Debug|Any CPU.ActiveCfg = Debug|Any CPU
		{940A6AB1-F00A-40E2-BC1A-2898EFA8C48F}.Debug|Any CPU.Build.0 = Debug|Any CPU
		{940A6AB1-F00A-40E2-BC1A-2898EFA8C48F}.Debug|Mixed Platforms.ActiveCfg = Debug|Any CPU
		{940A6AB1-F00A-40E2-BC1A-2898EFA8C48F}.Debug|Mixed Platforms.Build.0 = Debug|Any CPU
		{940A6AB1-F00A-40E2-BC1A-2898EFA8C48F}.Debug|x86.ActiveCfg = Debug|Any CPU
		{940A6AB1-F00A-40E2-BC1A-2898EFA8C48F}.Debug|x86.Build.0 = Debug|Any CPU
		{940A6AB1-F00A-40E2-BC1A-2898EFA8C48F}.Release|Any CPU.ActiveCfg = Release|Any CPU
		{940A6AB1-F00A-40E2-BC1A-2898EFA8C48F}.Release|Any CPU.Build.0 = Release|Any CPU
		{940A6AB1-F00A-40E2-BC1A-2898EFA8C48F}.Release|Mixed Platforms.ActiveCfg = Release|Any CPU
		{940A6AB1-F00A-40E2-BC1A-2898EFA8C48F}.Release|Mixed Platforms.Build.0 = Release|Any CPU
		{940A6AB1-F00A-40E2-BC1A-2898EFA8C48F}.Release|x86.ActiveCfg = Release|Any CPU
		{940A6AB1-F00A-40E2-BC1A-2898EFA8C48F}.Release|x86.Build.0 = Release|Any CPU
		{C2349F0D-FB66-4544-9C33-4D87F73C6004}.Debug|Any CPU.ActiveCfg = Debug|Any CPU
		{C2349F0D-FB66-4544-9C33-4D87F73C6004}.Debug|Any CPU.Build.0 = Debug|Any CPU
		{C2349F0D-FB66-4544-9C33-4D87F73C6004}.Debug|Mixed Platforms.ActiveCfg = Debug|Any CPU
		{C2349F0D-FB66-4544-9C33-4D87F73C6004}.Debug|Mixed Platforms.Build.0 = Debug|Any CPU
		{C2349F0D-FB66-4544-9C33-4D87F73C6004}.Debug|x86.ActiveCfg = Debug|Any CPU
		{C2349F0D-FB66-4544-9C33-4D87F73C6004}.Debug|x86.Build.0 = Debug|Any CPU
		{C2349F0D-FB66-4544-9C33-4D87F73C6004}.Release|Any CPU.ActiveCfg = Release|Any CPU
		{C2349F0D-FB66-4544-9C33-4D87F73C6004}.Release|Any CPU.Build.0 = Release|Any CPU
		{C2349F0D-FB66-4544-9C33-4D87F73C6004}.Release|Mixed Platforms.ActiveCfg = Release|Any CPU
		{C2349F0D-FB66-4544-9C33-4D87F73C6004}.Release|Mixed Platforms.Build.0 = Release|Any CPU
		{C2349F0D-FB66-4544-9C33-4D87F73C6004}.Release|x86.ActiveCfg = Release|Any CPU
		{C2349F0D-FB66-4544-9C33-4D87F73C6004}.Release|x86.Build.0 = Release|Any CPU
	EndGlobalSection
	GlobalSection(SolutionProperties) = preSolution
		HideSolutionNode = FALSE
	EndGlobalSection
EndGlobal
