Microsoft Visual Studio Solution File, Format Version 8.00
Project("{FAE04EC0-301F-11D3-BF4B-00C04F79EFBC}") = "Minimal", "Minimal\Minimal.csproj", "{EF428E5B-B3E7-4C2F-B005-98DE7D6E7CDB}"
	ProjectSection(ProjectDependencies) = postProject
	EndProjectSection
EndProject
Project("{FAE04EC0-301F-11D3-BF4B-00C04F79EFBC}") = "SampleFixtureExtension", "SampleFixtureExtension\SampleFixtureExtension.csproj", "{ED281A23-9579-4A70-B608-1B86DCDEB78C}"
	ProjectSection(ProjectDependencies) = postProject
	EndProjectSection
EndProject
Project("{FAE04EC0-301F-11D3-BF4B-00C04F79EFBC}") = "SampleFixtureExtensionTests", "SampleFixtureExtension\Tests\SampleFixtureExtensionTests.csproj", "{0DE6C90F-BB74-4BC8-887A-2222DB56D2EB}"
	ProjectSection(ProjectDependencies) = postProject
	EndProjectSection
EndProject
Project("{FAE04EC0-301F-11D3-BF4B-00C04F79EFBC}") = "SampleSuiteExtension", "SampleSuiteExtension\SampleSuiteExtension.csproj", "{0C4269EE-3266-45DD-9062-E356C067FBEF}"
	ProjectSection(ProjectDependencies) = postProject
	EndProjectSection
EndProject
Project("{FAE04EC0-301F-11D3-BF4B-00C04F79EFBC}") = "SampleSuiteExtensionTests", "SampleSuiteExtension\Tests\SampleSuiteExtensionTests.csproj", "{9F609A0D-FF7E-4F0C-B2DF-417EBC557CFF}"
	ProjectSection(ProjectDependencies) = postProject
	EndProjectSection
EndProject
Global
	GlobalSection(SolutionConfiguration) = preSolution
		Debug = Debug
		Release = Release
	EndGlobalSection
	GlobalSection(ProjectConfiguration) = postSolution
		{EF428E5B-B3E7-4C2F-B005-98DE7D6E7CDB}.Debug.ActiveCfg = Debug|.NET
		{EF428E5B-B3E7-4C2F-B005-98DE7D6E7CDB}.Debug.Build.0 = Debug|.NET
		{EF428E5B-B3E7-4C2F-B005-98DE7D6E7CDB}.Release.ActiveCfg = Release|.NET
		{EF428E5B-B3E7-4C2F-B005-98DE7D6E7CDB}.Release.Build.0 = Release|.NET
		{ED281A23-9579-4A70-B608-1B86DCDEB78C}.Debug.ActiveCfg = Debug|.NET
		{ED281A23-9579-4A70-B608-1B86DCDEB78C}.Debug.Build.0 = Debug|.NET
		{ED281A23-9579-4A70-B608-1B86DCDEB78C}.Release.ActiveCfg = Release|.NET
		{ED281A23-9579-4A70-B608-1B86DCDEB78C}.Release.Build.0 = Release|.NET
		{0DE6C90F-BB74-4BC8-887A-2222DB56D2EB}.Debug.ActiveCfg = Debug|.NET
		{0DE6C90F-BB74-4BC8-887A-2222DB56D2EB}.Debug.Build.0 = Debug|.NET
		{0DE6C90F-BB74-4BC8-887A-2222DB56D2EB}.Release.ActiveCfg = Release|.NET
		{0DE6C90F-BB74-4BC8-887A-2222DB56D2EB}.Release.Build.0 = Release|.NET
		{0C4269EE-3266-45DD-9062-E356C067FBEF}.Debug.ActiveCfg = Debug|.NET
		{0C4269EE-3266-45DD-9062-E356C067FBEF}.Debug.Build.0 = Debug|.NET
		{0C4269EE-3266-45DD-9062-E356C067FBEF}.Release.ActiveCfg = Release|.NET
		{0C4269EE-3266-45DD-9062-E356C067FBEF}.Release.Build.0 = Release|.NET
		{9F609A0D-FF7E-4F0C-B2DF-417EBC557CFF}.Debug.ActiveCfg = Debug|.NET
		{9F609A0D-FF7E-4F0C-B2DF-417EBC557CFF}.Debug.Build.0 = Debug|.NET
		{9F609A0D-FF7E-4F0C-B2DF-417EBC557CFF}.Release.ActiveCfg = Release|.NET
		{9F609A0D-FF7E-4F0C-B2DF-417EBC557CFF}.Release.Build.0 = Release|.NET
	EndGlobalSection
	GlobalSection(ExtensibilityGlobals) = postSolution
	EndGlobalSection
	GlobalSection(ExtensibilityAddIns) = postSolution
	EndGlobalSection
EndGlobal
