{
  "version": 1,
  "dependencies": {
    ".NETFramework,Version=v4.6.2": {
      "Microsoft.NETFramework.ReferenceAssemblies": {
        "type": "Direct",
        "requested": "[1.0.2, )",
        "resolved": "1.0.2",
        "contentHash": "5/cSEVld+px/CuRrbohO/djfg6++eR6zGpy88MgqloXvkj//WXWpFZyu/OpkXPN0u5m+dN/EVwLNYFUxD4h2+A==",
        "dependencies": {
          "Microsoft.NETFramework.ReferenceAssemblies.net462": "1.0.2"
        }
      },
      "J2N": {
        "type": "Transitive",
        "resolved": "2.0.0",
        "contentHash": "M5bwDajAARZiyqupU+rHQJnsVLxNBOHJ8vKYHd8LcLIb1FgLfzzcJvc31Qo5Xz/GEHFjDF9ScjKL/ks/zRTXuA=="
      },
      "Microsoft.Extensions.Configuration.Abstractions": {
        "type": "Transitive",
        "resolved": "3.1.6",
        "contentHash": "Z7QAA7XFvYuGZCKsfzetdIq0Vj1ngiIzCBBqerlQMhewx1ZFLXHuvKx9xAIWeZqhuQv69VmFs3vO0Af9FDAa9Q==",
        "dependencies": {
          "Microsoft.Extensions.Primitives": "3.1.6"
        }
      },
      "Microsoft.Extensions.Primitives": {
        "type": "Transitive",
        "resolved": "3.1.6",
        "contentHash": "X+h3tO383iMbtFxYp6Al4pgBzbfQKJY8/gd4U7+sZy90XeSfnw5SwHyCiRrAePG6kee4zCGsvQHPCqaTZ876hw==",
        "dependencies": {
          "System.Memory": "4.5.2",
          "System.Runtime.CompilerServices.Unsafe": "4.7.1"
        }
      },
      "Microsoft.NETFramework.ReferenceAssemblies.net462": {
        "type": "Transitive",
        "resolved": "1.0.2",
        "contentHash": "vnWMOt5+4SLOLu5hlB54LMK5OHqsX+5ekbo6vb7USvCM5uA4UKtATuMvIAw69ak62F94c+3895XwF5TcjjzpVw=="
      },
      "Prism.Core": {
        "type": "Transitive",
        "resolved": "7.2.0.1422",
        "contentHash": "U6tZ4Iq+ELyK5PedRC6E20caZXXTmTYiw5evpv0M3WcfKgih9H5G5LDBlDl+65eC5Vb4lnOaUCAtckdEl2MRxA==",
        "dependencies": {
          "System.ValueTuple": "4.5.0"
        }
      },
      "System.Buffers": {
        "type": "Transitive",
        "resolved": "4.5.1",
        "contentHash": "Rw7ijyl1qqRS0YQD/WycNst8hUUMgrMH4FCn1nNm27M4VxchZ1js3fVjQaANHO5f3sN4isvP4a+Met9Y4YomAg=="
      },
      "System.Memory": {
        "type": "Transitive",
        "resolved": "4.5.4",
        "contentHash": "1MbJTHS1lZ4bS4FmsJjnuGJOu88ZzTT2rLvrhW7Ygic+pC0NWA+3hgAen0HRdsocuQXCkUTdFn9yHJJhsijDXw==",
        "dependencies": {
          "System.Buffers": "4.5.1",
          "System.Numerics.Vectors": "4.5.0",
          "System.Runtime.CompilerServices.Unsafe": "4.5.3"
        }
      },
      "System.Numerics.Vectors": {
        "type": "Transitive",
        "resolved": "4.5.0",
        "contentHash": "QQTlPTl06J/iiDbJCiepZ4H//BVraReU4O4EoRw1U02H5TLUIT7xn3GnDp9AXPSlJUDyFs4uWjWafNX6WrAojQ=="
      },
      "System.Runtime.CompilerServices.Unsafe": {
        "type": "Transitive",
        "resolved": "4.7.1",
        "contentHash": "zOHkQmzPCn5zm/BH+cxC1XbUS3P4Yoi3xzW7eRgVpDR2tPGSzyMZ17Ig1iRkfJuY0nhxkQQde8pgePNiA7z7TQ=="
      },
      "System.ValueTuple": {
        "type": "Transitive",
        "resolved": "4.5.0",
        "contentHash": "okurQJO6NRE/apDIP23ajJ0hpiNmJ+f0BwOlB/cSqTLQlw5upkf+5+96+iG2Jw40G1fCVCyPz/FhIABUjMR+RQ=="
      },
      "lucene.net": {
        "type": "Project",
        "dependencies": {
          "J2N": "[2.0.0, )",
          "Microsoft.Extensions.Configuration.Abstractions": "[3.1.6, )",
          "Prism.Core": "[7.2.0.1422, )",
          "System.Memory": "[4.5.4, )"
        }
      },
      "lucene.net.analysis.common": {
        "type": "Project",
        "dependencies": {
          "Lucene.Net": "[4.8.0, )",
          "System.Memory": "[4.5.4, )"
        }
      },
      "lucene.net.queries": {
        "type": "Project",
        "dependencies": {
          "Lucene.Net": "[4.8.0, )"
        }
      },
      "lucene.net.sandbox": {
        "type": "Project",
        "dependencies": {
          "Lucene.Net": "[4.8.0, )"
        }
      }
    },
    ".NETStandard,Version=v2.0": {
      "Microsoft.NETFramework.ReferenceAssemblies": {
        "type": "Direct",
        "requested": "[1.0.2, )",
        "resolved": "1.0.2",
        "contentHash": "5/cSEVld+px/CuRrbohO/djfg6++eR6zGpy88MgqloXvkj//WXWpFZyu/OpkXPN0u5m+dN/EVwLNYFUxD4h2+A==",
        "dependencies": {
          "Microsoft.NETFramework.ReferenceAssemblies.net461": "1.0.2"
        }
      },
      "NETStandard.Library": {
        "type": "Direct",
        "requested": "[2.0.3, )",
        "resolved": "2.0.3",
        "contentHash": "st47PosZSHrjECdjeIzZQbzivYBJFv6P2nv4cj2ypdI204DO+vZ7l5raGMiX4eXMJ53RfOIg+/s4DHVZ54Nu2A==",
        "dependencies": {
          "Microsoft.NETCore.Platforms": "1.1.0"
        }
      },
      "J2N": {
        "type": "Transitive",
        "resolved": "2.0.0",
        "contentHash": "M5bwDajAARZiyqupU+rHQJnsVLxNBOHJ8vKYHd8LcLIb1FgLfzzcJvc31Qo5Xz/GEHFjDF9ScjKL/ks/zRTXuA==",
        "dependencies": {
          "Microsoft.CSharp": "4.4.0"
        }
      },
      "Microsoft.CSharp": {
        "type": "Transitive",
        "resolved": "4.4.0",
        "contentHash": "vvVR/B08YVghQ4jHEloxqw2ZWzEGE1AOA5E0DioUM3ujbXz6FD3AfB/0Jl2ohJPd0nXYGwmPe1En6HTsSriq1A=="
      },
      "Microsoft.Extensions.Configuration.Abstractions": {
        "type": "Transitive",
        "resolved": "3.1.6",
        "contentHash": "Z7QAA7XFvYuGZCKsfzetdIq0Vj1ngiIzCBBqerlQMhewx1ZFLXHuvKx9xAIWeZqhuQv69VmFs3vO0Af9FDAa9Q==",
        "dependencies": {
          "Microsoft.Extensions.Primitives": "3.1.6"
        }
      },
      "Microsoft.Extensions.Primitives": {
        "type": "Transitive",
        "resolved": "3.1.6",
        "contentHash": "X+h3tO383iMbtFxYp6Al4pgBzbfQKJY8/gd4U7+sZy90XeSfnw5SwHyCiRrAePG6kee4zCGsvQHPCqaTZ876hw==",
        "dependencies": {
          "System.Memory": "4.5.2",
          "System.Runtime.CompilerServices.Unsafe": "4.7.1"
        }
      },
      "Microsoft.NETCore.Platforms": {
        "type": "Transitive",
        "resolved": "1.1.0",
        "contentHash": "kz0PEW2lhqygehI/d6XsPCQzD7ff7gUJaVGPVETX611eadGsA3A877GdSlU0LRVMCTH/+P3o2iDTak+S08V2+A=="
      },
      "Microsoft.NETFramework.ReferenceAssemblies.net461": {
        "type": "Transitive",
        "resolved": "1.0.2",
        "contentHash": "8shzGaD5pZi4npuJYCM3de6pl0zlefcbyTIvXIiCdsTqauZ7lAhdaJVtJSqlhYid9VosFAOygBykoJ1SEOlGWA=="
      },
      "Prism.Core": {
        "type": "Transitive",
        "resolved": "7.2.0.1422",
        "contentHash": "U6tZ4Iq+ELyK5PedRC6E20caZXXTmTYiw5evpv0M3WcfKgih9H5G5LDBlDl+65eC5Vb4lnOaUCAtckdEl2MRxA=="
      },
      "System.Buffers": {
        "type": "Transitive",
        "resolved": "4.5.1",
        "contentHash": "Rw7ijyl1qqRS0YQD/WycNst8hUUMgrMH4FCn1nNm27M4VxchZ1js3fVjQaANHO5f3sN4isvP4a+Met9Y4YomAg=="
      },
      "System.Memory": {
        "type": "Transitive",
        "resolved": "4.5.4",
        "contentHash": "1MbJTHS1lZ4bS4FmsJjnuGJOu88ZzTT2rLvrhW7Ygic+pC0NWA+3hgAen0HRdsocuQXCkUTdFn9yHJJhsijDXw==",
        "dependencies": {
          "System.Buffers": "4.5.1",
          "System.Numerics.Vectors": "4.4.0",
          "System.Runtime.CompilerServices.Unsafe": "4.5.3"
        }
      },
      "System.Numerics.Vectors": {
        "type": "Transitive",
        "resolved": "4.4.0",
        "contentHash": "UiLzLW+Lw6HLed1Hcg+8jSRttrbuXv7DANVj0DkL9g6EnnzbL75EB7EWsw5uRbhxd/4YdG8li5XizGWepmG3PQ=="
      },
      "System.Runtime.CompilerServices.Unsafe": {
        "type": "Transitive",
        "resolved": "4.7.1",
        "contentHash": "zOHkQmzPCn5zm/BH+cxC1XbUS3P4Yoi3xzW7eRgVpDR2tPGSzyMZ17Ig1iRkfJuY0nhxkQQde8pgePNiA7z7TQ=="
      },
      "lucene.net": {
        "type": "Project",
        "dependencies": {
          "J2N": "[2.0.0, )",
          "Microsoft.Extensions.Configuration.Abstractions": "[3.1.6, )",
          "Prism.Core": "[7.2.0.1422, )",
          "System.Memory": "[4.5.4, )"
        }
      },
      "lucene.net.analysis.common": {
        "type": "Project",
        "dependencies": {
          "Lucene.Net": "[4.8.0, )",
          "System.Memory": "[4.5.4, )"
        }
      },
      "lucene.net.queries": {
        "type": "Project",
        "dependencies": {
          "Lucene.Net": "[4.8.0, )"
        }
      },
      "lucene.net.sandbox": {
        "type": "Project",
        "dependencies": {
          "Lucene.Net": "[4.8.0, )"
        }
      }
    },
    ".NETStandard,Version=v2.1": {
      "Microsoft.NETFramework.ReferenceAssemblies": {
        "type": "Direct",
        "requested": "[1.0.2, )",
        "resolved": "1.0.2",
        "contentHash": "5/cSEVld+px/CuRrbohO/djfg6++eR6zGpy88MgqloXvkj//WXWpFZyu/OpkXPN0u5m+dN/EVwLNYFUxD4h2+A==",
        "dependencies": {
          "Microsoft.NETFramework.ReferenceAssemblies.net461": "1.0.2"
        }
      },
      "J2N": {
        "type": "Transitive",
        "resolved": "2.0.0",
        "contentHash": "M5bwDajAARZiyqupU+rHQJnsVLxNBOHJ8vKYHd8LcLIb1FgLfzzcJvc31Qo5Xz/GEHFjDF9ScjKL/ks/zRTXuA==",
        "dependencies": {
          "Microsoft.CSharp": "4.4.0",
          "System.Runtime.CompilerServices.Unsafe": "4.5.0"
        }
      },
      "Microsoft.CSharp": {
        "type": "Transitive",
        "resolved": "4.4.0",
        "contentHash": "vvVR/B08YVghQ4jHEloxqw2ZWzEGE1AOA5E0DioUM3ujbXz6FD3AfB/0Jl2ohJPd0nXYGwmPe1En6HTsSriq1A=="
      },
      "Microsoft.Extensions.Configuration.Abstractions": {
        "type": "Transitive",
        "resolved": "3.1.6",
        "contentHash": "Z7QAA7XFvYuGZCKsfzetdIq0Vj1ngiIzCBBqerlQMhewx1ZFLXHuvKx9xAIWeZqhuQv69VmFs3vO0Af9FDAa9Q==",
        "dependencies": {
          "Microsoft.Extensions.Primitives": "3.1.6"
        }
      },
      "Microsoft.Extensions.Primitives": {
        "type": "Transitive",
        "resolved": "3.1.6",
        "contentHash": "X+h3tO383iMbtFxYp6Al4pgBzbfQKJY8/gd4U7+sZy90XeSfnw5SwHyCiRrAePG6kee4zCGsvQHPCqaTZ876hw==",
        "dependencies": {
          "System.Memory": "4.5.2",
          "System.Runtime.CompilerServices.Unsafe": "4.7.1"
        }
      },
      "Microsoft.NETFramework.ReferenceAssemblies.net461": {
        "type": "Transitive",
        "resolved": "1.0.2",
        "contentHash": "8shzGaD5pZi4npuJYCM3de6pl0zlefcbyTIvXIiCdsTqauZ7lAhdaJVtJSqlhYid9VosFAOygBykoJ1SEOlGWA=="
      },
      "System.Buffers": {
        "type": "Transitive",
        "resolved": "4.4.0",
        "contentHash": "AwarXzzoDwX6BgrhjoJsk6tUezZEozOT5Y9QKF94Gl4JK91I4PIIBkBco9068Y9/Dra8Dkbie99kXB8+1BaYKw=="
      },
      "System.Memory": {
        "type": "Transitive",
        "resolved": "4.5.2",
        "contentHash": "fvq1GNmUFwbKv+aLVYYdgu/+gc8Nu9oFujOxIjPrsf+meis9JBzTPDL6aP/eeGOz9yPj6rRLUbOjKMpsMEWpNg==",
        "dependencies": {
          "System.Buffers": "4.4.0",
          "System.Numerics.Vectors": "4.4.0",
          "System.Runtime.CompilerServices.Unsafe": "4.5.2"
        }
      },
      "System.Numerics.Vectors": {
        "type": "Transitive",
        "resolved": "4.4.0",
        "contentHash": "UiLzLW+Lw6HLed1Hcg+8jSRttrbuXv7DANVj0DkL9g6EnnzbL75EB7EWsw5uRbhxd/4YdG8li5XizGWepmG3PQ=="
      },
      "System.Runtime.CompilerServices.Unsafe": {
        "type": "Transitive",
        "resolved": "4.7.1",
        "contentHash": "zOHkQmzPCn5zm/BH+cxC1XbUS3P4Yoi3xzW7eRgVpDR2tPGSzyMZ17Ig1iRkfJuY0nhxkQQde8pgePNiA7z7TQ=="
      },
      "lucene.net": {
        "type": "Project",
        "dependencies": {
          "J2N": "[2.0.0, )",
          "Microsoft.Extensions.Configuration.Abstractions": "[3.1.6, )"
        }
      },
      "lucene.net.analysis.common": {
        "type": "Project",
        "dependencies": {
          "Lucene.Net": "[4.8.0, )"
        }
      },
      "lucene.net.queries": {
        "type": "Project",
        "dependencies": {
          "Lucene.Net": "[4.8.0, )"
        }
      },
      "lucene.net.sandbox": {
        "type": "Project",
        "dependencies": {
          "Lucene.Net": "[4.8.0, )"
        }
      }
    },
    "net6.0": {
      "Microsoft.NETFramework.ReferenceAssemblies": {
        "type": "Direct",
        "requested": "[1.0.2, )",
        "resolved": "1.0.2",
        "contentHash": "5/cSEVld+px/CuRrbohO/djfg6++eR6zGpy88MgqloXvkj//WXWpFZyu/OpkXPN0u5m+dN/EVwLNYFUxD4h2+A==",
        "dependencies": {
          "Microsoft.NETFramework.ReferenceAssemblies.net461": "1.0.2"
        }
      },
      "J2N": {
        "type": "Transitive",
        "resolved": "2.0.0",
        "contentHash": "M5bwDajAARZiyqupU+rHQJnsVLxNBOHJ8vKYHd8LcLIb1FgLfzzcJvc31Qo5Xz/GEHFjDF9ScjKL/ks/zRTXuA=="
      },
      "Microsoft.Extensions.Configuration.Abstractions": {
        "type": "Transitive",
        "resolved": "3.1.6",
        "contentHash": "Z7QAA7XFvYuGZCKsfzetdIq0Vj1ngiIzCBBqerlQMhewx1ZFLXHuvKx9xAIWeZqhuQv69VmFs3vO0Af9FDAa9Q==",
        "dependencies": {
          "Microsoft.Extensions.Primitives": "3.1.6"
        }
      },
      "Microsoft.Extensions.Primitives": {
        "type": "Transitive",
        "resolved": "3.1.6",
        "contentHash": "X+h3tO383iMbtFxYp6Al4pgBzbfQKJY8/gd4U7+sZy90XeSfnw5SwHyCiRrAePG6kee4zCGsvQHPCqaTZ876hw=="
      },
      "Microsoft.NETFramework.ReferenceAssemblies.net461": {
        "type": "Transitive",
        "resolved": "1.0.2",
        "contentHash": "8shzGaD5pZi4npuJYCM3de6pl0zlefcbyTIvXIiCdsTqauZ7lAhdaJVtJSqlhYid9VosFAOygBykoJ1SEOlGWA=="
      },
      "lucene.net": {
        "type": "Project",
        "dependencies": {
          "J2N": "[2.0.0, )",
          "Microsoft.Extensions.Configuration.Abstractions": "[3.1.6, )"
        }
      },
      "lucene.net.analysis.common": {
        "type": "Project",
        "dependencies": {
          "Lucene.Net": "[4.8.0, )"
        }
      },
      "lucene.net.queries": {
        "type": "Project",
        "dependencies": {
          "Lucene.Net": "[4.8.0, )"
        }
      },
      "lucene.net.sandbox": {
        "type": "Project",
        "dependencies": {
          "Lucene.Net": "[4.8.0, )"
        }
      }
    }
  }
}