Microsoft Visual Studio Solution File, Format Version 10.00
# Visual C# Express 2008
Project("{FAE04EC0-301F-11D3-BF4B-00C04F79EFBC}") = "SpellChecker.Net.Test", "SpellChecker.Net.Test.csproj", "{4DCB81AA-ECC1-4B3D-A0C9-28E54F5B125C}"
EndProject
Global
	GlobalSection(SolutionConfigurationPlatforms) = preSolution
		Debug|Any CPU = Debug|Any CPU
		Release|Any CPU = Release|Any CPU
	EndGlobalSection
	GlobalSection(ProjectConfigurationPlatforms) = postSolution
		{4DCB81AA-ECC1-4B3D-A0C9-28E54F5B125C}.Debug|Any CPU.ActiveCfg = Debug|Any CPU
		{4DCB81AA-ECC1-4B3D-A0C9-28E54F5B125C}.Debug|Any CPU.Build.0 = Debug|Any CPU
		{4DCB81AA-ECC1-4B3D-A0C9-28E54F5B125C}.Release|Any CPU.ActiveCfg = Release|Any CPU
		{4DCB81AA-ECC1-4B3D-A0C9-28E54F5B125C}.Release|Any CPU.Build.0 = Release|Any CPU
	EndGlobalSection
	GlobalSection(SolutionProperties) = preSolution
		HideSolutionNode = FALSE
	EndGlobalSection
	GlobalSection(DPCodeReviewSolutionGUID) = preSolution
		DPCodeReviewSolutionGUID = {00000000-0000-0000-0000-000000000000}
	EndGlobalSection
EndGlobal
